// !$*UTF8*$!
{
	archiveVersion = 1;
	classes = {
	};
	objectVersion = 46;
	objects = {

/* Begin PBXBuildFile section */
		BBAB23CB13894F3D00AA2426 /* GLUT.framework in CopyFiles */ = {isa = PBXBuildFile; fileRef = BBAB23BE13894E4700AA2426 /* GLUT.framework */; };
		E4328149138ABC9F0047C5CB /* openFrameworksDebug.a in Frameworks */ = {isa = PBXBuildFile; fileRef = E4328148138ABC890047C5CB /* openFrameworksDebug.a */; };
		E45BE97B0E8CC7DD009D7055 /* AGL.framework in Frameworks */ = {isa = PBXBuildFile; fileRef = E45BE9710E8CC7DD009D7055 /* AGL.framework */; };
		E45BE97C0E8CC7DD009D7055 /* ApplicationServices.framework in Frameworks */ = {isa = PBXBuildFile; fileRef = E45BE9720E8CC7DD009D7055 /* ApplicationServices.framework */; };
		E45BE97D0E8CC7DD009D7055 /* AudioToolbox.framework in Frameworks */ = {isa = PBXBuildFile; fileRef = E45BE9730E8CC7DD009D7055 /* AudioToolbox.framework */; };
		E45BE97F0E8CC7DD009D7055 /* CoreAudio.framework in Frameworks */ = {isa = PBXBuildFile; fileRef = E45BE9750E8CC7DD009D7055 /* CoreAudio.framework */; };
		E45BE9800E8CC7DD009D7055 /* CoreFoundation.framework in Frameworks */ = {isa = PBXBuildFile; fileRef = E45BE9760E8CC7DD009D7055 /* CoreFoundation.framework */; };
		E45BE9810E8CC7DD009D7055 /* CoreServices.framework in Frameworks */ = {isa = PBXBuildFile; fileRef = E45BE9770E8CC7DD009D7055 /* CoreServices.framework */; };
		E45BE9830E8CC7DD009D7055 /* OpenGL.framework in Frameworks */ = {isa = PBXBuildFile; fileRef = E45BE9790E8CC7DD009D7055 /* OpenGL.framework */; };
		E45BE9840E8CC7DD009D7055 /* QuickTime.framework in Frameworks */ = {isa = PBXBuildFile; fileRef = E45BE97A0E8CC7DD009D7055 /* QuickTime.framework */; };
		E4B69E200A3A1BDC003C02F2 /* main.cpp in Sources */ = {isa = PBXBuildFile; fileRef = E4B69E1D0A3A1BDC003C02F2 /* main.cpp */; };
		E4B69E210A3A1BDC003C02F2 /* ofApp.cpp in Sources */ = {isa = PBXBuildFile; fileRef = E4B69E1E0A3A1BDC003C02F2 /* ofApp.cpp */; };
		E4C2424710CC5A17004149E2 /* AppKit.framework in Frameworks */ = {isa = PBXBuildFile; fileRef = E4C2424410CC5A17004149E2 /* AppKit.framework */; };
		E4C2424810CC5A17004149E2 /* Cocoa.framework in Frameworks */ = {isa = PBXBuildFile; fileRef = E4C2424510CC5A17004149E2 /* Cocoa.framework */; };
		E4C2424910CC5A17004149E2 /* IOKit.framework in Frameworks */ = {isa = PBXBuildFile; fileRef = E4C2424610CC5A17004149E2 /* IOKit.framework */; };
		E4EB6799138ADC1D00A09F29 /* GLUT.framework in Frameworks */ = {isa = PBXBuildFile; fileRef = BBAB23BE13894E4700AA2426 /* GLUT.framework */; };
		E7E077E515D3B63C0020DFD4 /* CoreVideo.framework in Frameworks */ = {isa = PBXBuildFile; fileRef = E7E077E415D3B63C0020DFD4 /* CoreVideo.framework */; };
		E7E077E815D3B6510020DFD4 /* QTKit.framework in Frameworks */ = {isa = PBXBuildFile; fileRef = E7E077E715D3B6510020DFD4 /* QTKit.framework */; };
		E7F985F815E0DEA3003869B5 /* Accelerate.framework in Frameworks */ = {isa = PBXBuildFile; fileRef = E7F985F515E0DE99003869B5 /* Accelerate.framework */; };
		F30E9DF31A66BB340083FFD2 /* ClientApp.cpp in Sources */ = {isa = PBXBuildFile; fileRef = F30E9DEF1A66BB340083FFD2 /* ClientApp.cpp */; };
		F30E9DF41A66BB340083FFD2 /* ClientV8ExtensionHandler.cpp in Sources */ = {isa = PBXBuildFile; fileRef = F30E9DF11A66BB340083FFD2 /* ClientV8ExtensionHandler.cpp */; };
		F355AE5B1A69F27D0085F627 /* ClientApp.cpp in Sources */ = {isa = PBXBuildFile; fileRef = F30E9DEF1A66BB340083FFD2 /* ClientApp.cpp */; };
		F355AE5C1A69F2910085F627 /* ClientV8ExtensionHandler.cpp in Sources */ = {isa = PBXBuildFile; fileRef = F30E9DF11A66BB340083FFD2 /* ClientV8ExtensionHandler.cpp */; };
		FD2BA1FD1A56C3530046DB39 /* Chromium Embedded Framework.framework in Frameworks */ = {isa = PBXBuildFile; fileRef = FD2BA1FB1A56C3530046DB39 /* Chromium Embedded Framework.framework */; };
		FD2BA2001A56C3D50046DB39 /* libcef_dll_wrapper.a in Frameworks */ = {isa = PBXBuildFile; fileRef = FD2BA1FF1A56C3D50046DB39 /* libcef_dll_wrapper.a */; };
		FD2BA20E1A56E1840046DB39 /* Cocoa.framework in Frameworks */ = {isa = PBXBuildFile; fileRef = FD2BA20D1A56E1840046DB39 /* Cocoa.framework */; };
		FD2BA24F1A56E2860046DB39 /* libcef_dll_wrapper.a in Frameworks */ = {isa = PBXBuildFile; fileRef = FD2BA1FF1A56C3D50046DB39 /* libcef_dll_wrapper.a */; };
		FD2BA2531A56E7A80046DB39 /* Chromium Embedded Framework.framework in Frameworks */ = {isa = PBXBuildFile; fileRef = FD2BA1FB1A56C3530046DB39 /* Chromium Embedded Framework.framework */; };
		FDCDFCF71A2146860092A247 /* browser_client.cpp in Sources */ = {isa = PBXBuildFile; fileRef = FDCDFCF11A2146860092A247 /* browser_client.cpp */; };
		FDCDFCF81A2146860092A247 /* cefgui.cpp in Sources */ = {isa = PBXBuildFile; fileRef = FDCDFCF31A2146860092A247 /* cefgui.cpp */; };
		FDCDFCF91A2146860092A247 /* render_handler.cpp in Sources */ = {isa = PBXBuildFile; fileRef = FDCDFCF51A2146860092A247 /* render_handler.cpp */; };
		FDDF83671A59B12A00DC5669 /* process_helper_mac.cpp in Sources */ = {isa = PBXBuildFile; fileRef = FDDF83661A59B12A00DC5669 /* process_helper_mac.cpp */; };
/* End PBXBuildFile section */

/* Begin PBXContainerItemProxy section */
		E4328147138ABC890047C5CB /* PBXContainerItemProxy */ = {
			isa = PBXContainerItemProxy;
			containerPortal = E4328143138ABC890047C5CB /* openFrameworksLib.xcodeproj */;
			proxyType = 2;
			remoteGlobalIDString = E4B27C1510CBEB8E00536013;
			remoteInfo = openFrameworks;
		};
		E4EEB9AB138B136A00A80321 /* PBXContainerItemProxy */ = {
			isa = PBXContainerItemProxy;
			containerPortal = E4328143138ABC890047C5CB /* openFrameworksLib.xcodeproj */;
			proxyType = 1;
			remoteGlobalIDString = E4B27C1410CBEB8E00536013;
			remoteInfo = openFrameworks;
		};
/* End PBXContainerItemProxy section */

/* Begin PBXCopyFilesBuildPhase section */
		E4C2427710CC5ABF004149E2 /* CopyFiles */ = {
			isa = PBXCopyFilesBuildPhase;
			buildActionMask = 2147483647;
			dstPath = "";
			dstSubfolderSpec = 10;
			files = (
				BBAB23CB13894F3D00AA2426 /* GLUT.framework in CopyFiles */,
			);
			runOnlyForDeploymentPostprocessing = 0;
		};
		FD598D441A21798300AC729F /* CopyFiles */ = {
			isa = PBXCopyFilesBuildPhase;
			buildActionMask = 2147483647;
			dstPath = "";
			dstSubfolderSpec = 16;
			files = (
			);
			runOnlyForDeploymentPostprocessing = 0;
		};
/* End PBXCopyFilesBuildPhase section */

/* Begin PBXFileReference section */
		BBAB23BE13894E4700AA2426 /* GLUT.framework */ = {isa = PBXFileReference; lastKnownFileType = wrapper.framework; name = GLUT.framework; path = ../../../libs/glut/lib/osx/GLUT.framework; sourceTree = "<group>"; };
		E4328143138ABC890047C5CB /* openFrameworksLib.xcodeproj */ = {isa = PBXFileReference; lastKnownFileType = "wrapper.pb-project"; name = openFrameworksLib.xcodeproj; path = ../../../libs/openFrameworksCompiled/project/osx/openFrameworksLib.xcodeproj; sourceTree = SOURCE_ROOT; };
		E45BE9710E8CC7DD009D7055 /* AGL.framework */ = {isa = PBXFileReference; lastKnownFileType = wrapper.framework; name = AGL.framework; path = /System/Library/Frameworks/AGL.framework; sourceTree = "<absolute>"; };
		E45BE9720E8CC7DD009D7055 /* ApplicationServices.framework */ = {isa = PBXFileReference; lastKnownFileType = wrapper.framework; name = ApplicationServices.framework; path = /System/Library/Frameworks/ApplicationServices.framework; sourceTree = "<absolute>"; };
		E45BE9730E8CC7DD009D7055 /* AudioToolbox.framework */ = {isa = PBXFileReference; lastKnownFileType = wrapper.framework; name = AudioToolbox.framework; path = /System/Library/Frameworks/AudioToolbox.framework; sourceTree = "<absolute>"; };
		E45BE9750E8CC7DD009D7055 /* CoreAudio.framework */ = {isa = PBXFileReference; lastKnownFileType = wrapper.framework; name = CoreAudio.framework; path = /System/Library/Frameworks/CoreAudio.framework; sourceTree = "<absolute>"; };
		E45BE9760E8CC7DD009D7055 /* CoreFoundation.framework */ = {isa = PBXFileReference; lastKnownFileType = wrapper.framework; name = CoreFoundation.framework; path = /System/Library/Frameworks/CoreFoundation.framework; sourceTree = "<absolute>"; };
		E45BE9770E8CC7DD009D7055 /* CoreServices.framework */ = {isa = PBXFileReference; lastKnownFileType = wrapper.framework; name = CoreServices.framework; path = /System/Library/Frameworks/CoreServices.framework; sourceTree = "<absolute>"; };
		E45BE9790E8CC7DD009D7055 /* OpenGL.framework */ = {isa = PBXFileReference; lastKnownFileType = wrapper.framework; name = OpenGL.framework; path = /System/Library/Frameworks/OpenGL.framework; sourceTree = "<absolute>"; };
		E45BE97A0E8CC7DD009D7055 /* QuickTime.framework */ = {isa = PBXFileReference; lastKnownFileType = wrapper.framework; name = QuickTime.framework; path = /System/Library/Frameworks/QuickTime.framework; sourceTree = "<absolute>"; };
		E4B69E1D0A3A1BDC003C02F2 /* main.cpp */ = {isa = PBXFileReference; fileEncoding = 30; lastKnownFileType = sourcecode.cpp.cpp; name = main.cpp; path = src/main.cpp; sourceTree = SOURCE_ROOT; };
		E4B69E1E0A3A1BDC003C02F2 /* ofApp.cpp */ = {isa = PBXFileReference; explicitFileType = sourcecode.cpp.objcpp; fileEncoding = 30; name = ofApp.cpp; path = src/ofApp.cpp; sourceTree = SOURCE_ROOT; };
		E4B69E1F0A3A1BDC003C02F2 /* ofApp.h */ = {isa = PBXFileReference; fileEncoding = 30; lastKnownFileType = sourcecode.c.h; name = ofApp.h; path = src/ofApp.h; sourceTree = SOURCE_ROOT; };
		E4B6FCAD0C3E899E008CF71C /* openFrameworks-Info.plist */ = {isa = PBXFileReference; fileEncoding = 30; lastKnownFileType = text.plist.xml; path = "openFrameworks-Info.plist"; sourceTree = "<group>"; };
		E4C2424410CC5A17004149E2 /* AppKit.framework */ = {isa = PBXFileReference; lastKnownFileType = wrapper.framework; name = AppKit.framework; path = /System/Library/Frameworks/AppKit.framework; sourceTree = "<absolute>"; };
		E4C2424510CC5A17004149E2 /* Cocoa.framework */ = {isa = PBXFileReference; lastKnownFileType = wrapper.framework; name = Cocoa.framework; path = /System/Library/Frameworks/Cocoa.framework; sourceTree = "<absolute>"; };
		E4C2424610CC5A17004149E2 /* IOKit.framework */ = {isa = PBXFileReference; lastKnownFileType = wrapper.framework; name = IOKit.framework; path = /System/Library/Frameworks/IOKit.framework; sourceTree = "<absolute>"; };
		E4EB691F138AFCF100A09F29 /* CoreOF.xcconfig */ = {isa = PBXFileReference; fileEncoding = 4; lastKnownFileType = text.xcconfig; name = CoreOF.xcconfig; path = ../../../libs/openFrameworksCompiled/project/osx/CoreOF.xcconfig; sourceTree = SOURCE_ROOT; };
		E4EB6923138AFD0F00A09F29 /* Project.xcconfig */ = {isa = PBXFileReference; fileEncoding = 4; lastKnownFileType = text.xcconfig; path = Project.xcconfig; sourceTree = "<group>"; };
		E7E077E415D3B63C0020DFD4 /* CoreVideo.framework */ = {isa = PBXFileReference; lastKnownFileType = wrapper.framework; name = CoreVideo.framework; path = /System/Library/Frameworks/CoreVideo.framework; sourceTree = "<absolute>"; };
		E7E077E715D3B6510020DFD4 /* QTKit.framework */ = {isa = PBXFileReference; lastKnownFileType = wrapper.framework; name = QTKit.framework; path = /System/Library/Frameworks/QTKit.framework; sourceTree = "<absolute>"; };
		E7F985F515E0DE99003869B5 /* Accelerate.framework */ = {isa = PBXFileReference; lastKnownFileType = wrapper.framework; name = Accelerate.framework; path = /System/Library/Frameworks/Accelerate.framework; sourceTree = "<absolute>"; };
		F30E9DEF1A66BB340083FFD2 /* ClientApp.cpp */ = {isa = PBXFileReference; fileEncoding = 4; lastKnownFileType = sourcecode.cpp.cpp; path = ClientApp.cpp; sourceTree = "<group>"; };
		F30E9DF01A66BB340083FFD2 /* ClientApp.h */ = {isa = PBXFileReference; fileEncoding = 4; lastKnownFileType = sourcecode.c.h; path = ClientApp.h; sourceTree = "<group>"; };
		F30E9DF11A66BB340083FFD2 /* ClientV8ExtensionHandler.cpp */ = {isa = PBXFileReference; fileEncoding = 4; lastKnownFileType = sourcecode.cpp.cpp; path = ClientV8ExtensionHandler.cpp; sourceTree = "<group>"; };
		F30E9DF21A66BB340083FFD2 /* ClientV8ExtensionHandler.h */ = {isa = PBXFileReference; fileEncoding = 4; lastKnownFileType = sourcecode.c.h; path = ClientV8ExtensionHandler.h; sourceTree = "<group>"; };
		FD2BA1491A56C32E0046DB39 /* cef_atomic_ref_count.h */ = {isa = PBXFileReference; fileEncoding = 4; lastKnownFileType = sourcecode.c.h; path = cef_atomic_ref_count.h; sourceTree = "<group>"; };
		FD2BA14A1A56C32E0046DB39 /* cef_atomicops.h */ = {isa = PBXFileReference; fileEncoding = 4; lastKnownFileType = sourcecode.c.h; path = cef_atomicops.h; sourceTree = "<group>"; };
		FD2BA14B1A56C32E0046DB39 /* cef_basictypes.h */ = {isa = PBXFileReference; fileEncoding = 4; lastKnownFileType = sourcecode.c.h; path = cef_basictypes.h; sourceTree = "<group>"; };
		FD2BA14C1A56C32E0046DB39 /* cef_bind.h */ = {isa = PBXFileReference; fileEncoding = 4; lastKnownFileType = sourcecode.c.h; path = cef_bind.h; sourceTree = "<group>"; };
		FD2BA14D1A56C32E0046DB39 /* cef_bind_helpers.h */ = {isa = PBXFileReference; fileEncoding = 4; lastKnownFileType = sourcecode.c.h; path = cef_bind_helpers.h; sourceTree = "<group>"; };
		FD2BA14E1A56C32E0046DB39 /* cef_build.h */ = {isa = PBXFileReference; fileEncoding = 4; lastKnownFileType = sourcecode.c.h; path = cef_build.h; sourceTree = "<group>"; };
		FD2BA14F1A56C32E0046DB39 /* cef_callback.h */ = {isa = PBXFileReference; fileEncoding = 4; lastKnownFileType = sourcecode.c.h; path = cef_callback.h; sourceTree = "<group>"; };
		FD2BA1501A56C32E0046DB39 /* cef_callback_forward.h */ = {isa = PBXFileReference; fileEncoding = 4; lastKnownFileType = sourcecode.c.h; path = cef_callback_forward.h; sourceTree = "<group>"; };
		FD2BA1511A56C32E0046DB39 /* cef_callback_helpers.h */ = {isa = PBXFileReference; fileEncoding = 4; lastKnownFileType = sourcecode.c.h; path = cef_callback_helpers.h; sourceTree = "<group>"; };
		FD2BA1521A56C32E0046DB39 /* cef_callback_list.h */ = {isa = PBXFileReference; fileEncoding = 4; lastKnownFileType = sourcecode.c.h; path = cef_callback_list.h; sourceTree = "<group>"; };
		FD2BA1531A56C32E0046DB39 /* cef_cancelable_callback.h */ = {isa = PBXFileReference; fileEncoding = 4; lastKnownFileType = sourcecode.c.h; path = cef_cancelable_callback.h; sourceTree = "<group>"; };
		FD2BA1541A56C32E0046DB39 /* cef_lock.h */ = {isa = PBXFileReference; fileEncoding = 4; lastKnownFileType = sourcecode.c.h; path = cef_lock.h; sourceTree = "<group>"; };
		FD2BA1551A56C32E0046DB39 /* cef_logging.h */ = {isa = PBXFileReference; fileEncoding = 4; lastKnownFileType = sourcecode.c.h; path = cef_logging.h; sourceTree = "<group>"; };
		FD2BA1561A56C32E0046DB39 /* cef_macros.h */ = {isa = PBXFileReference; fileEncoding = 4; lastKnownFileType = sourcecode.c.h; path = cef_macros.h; sourceTree = "<group>"; };
		FD2BA1571A56C32E0046DB39 /* cef_move.h */ = {isa = PBXFileReference; fileEncoding = 4; lastKnownFileType = sourcecode.c.h; path = cef_move.h; sourceTree = "<group>"; };
		FD2BA1581A56C32E0046DB39 /* cef_platform_thread.h */ = {isa = PBXFileReference; fileEncoding = 4; lastKnownFileType = sourcecode.c.h; path = cef_platform_thread.h; sourceTree = "<group>"; };
		FD2BA1591A56C32E0046DB39 /* cef_ref_counted.h */ = {isa = PBXFileReference; fileEncoding = 4; lastKnownFileType = sourcecode.c.h; path = cef_ref_counted.h; sourceTree = "<group>"; };
		FD2BA15A1A56C32E0046DB39 /* cef_scoped_ptr.h */ = {isa = PBXFileReference; fileEncoding = 4; lastKnownFileType = sourcecode.c.h; path = cef_scoped_ptr.h; sourceTree = "<group>"; };
		FD2BA15B1A56C32E0046DB39 /* cef_string16.h */ = {isa = PBXFileReference; fileEncoding = 4; lastKnownFileType = sourcecode.c.h; path = cef_string16.h; sourceTree = "<group>"; };
		FD2BA15C1A56C32E0046DB39 /* cef_template_util.h */ = {isa = PBXFileReference; fileEncoding = 4; lastKnownFileType = sourcecode.c.h; path = cef_template_util.h; sourceTree = "<group>"; };
		FD2BA15D1A56C32E0046DB39 /* cef_thread_checker.h */ = {isa = PBXFileReference; fileEncoding = 4; lastKnownFileType = sourcecode.c.h; path = cef_thread_checker.h; sourceTree = "<group>"; };
		FD2BA15E1A56C32E0046DB39 /* cef_thread_collision_warner.h */ = {isa = PBXFileReference; fileEncoding = 4; lastKnownFileType = sourcecode.c.h; path = cef_thread_collision_warner.h; sourceTree = "<group>"; };
		FD2BA15F1A56C32E0046DB39 /* cef_trace_event.h */ = {isa = PBXFileReference; fileEncoding = 4; lastKnownFileType = sourcecode.c.h; path = cef_trace_event.h; sourceTree = "<group>"; };
		FD2BA1601A56C32E0046DB39 /* cef_tuple.h */ = {isa = PBXFileReference; fileEncoding = 4; lastKnownFileType = sourcecode.c.h; path = cef_tuple.h; sourceTree = "<group>"; };
		FD2BA1611A56C32E0046DB39 /* cef_weak_ptr.h */ = {isa = PBXFileReference; fileEncoding = 4; lastKnownFileType = sourcecode.c.h; path = cef_weak_ptr.h; sourceTree = "<group>"; };
		FD2BA1631A56C32E0046DB39 /* cef_atomicops_atomicword_compat.h */ = {isa = PBXFileReference; fileEncoding = 4; lastKnownFileType = sourcecode.c.h; path = cef_atomicops_atomicword_compat.h; sourceTree = "<group>"; };
		FD2BA1641A56C32E0046DB39 /* cef_atomicops_mac.h */ = {isa = PBXFileReference; fileEncoding = 4; lastKnownFileType = sourcecode.c.h; path = cef_atomicops_mac.h; sourceTree = "<group>"; };
		FD2BA1651A56C32E0046DB39 /* cef_bind_internal.h */ = {isa = PBXFileReference; fileEncoding = 4; lastKnownFileType = sourcecode.c.h; path = cef_bind_internal.h; sourceTree = "<group>"; };
		FD2BA1661A56C32E0046DB39 /* cef_callback_internal.h */ = {isa = PBXFileReference; fileEncoding = 4; lastKnownFileType = sourcecode.c.h; path = cef_callback_internal.h; sourceTree = "<group>"; };
		FD2BA1671A56C32E0046DB39 /* cef_lock_impl.h */ = {isa = PBXFileReference; fileEncoding = 4; lastKnownFileType = sourcecode.c.h; path = cef_lock_impl.h; sourceTree = "<group>"; };
		FD2BA1681A56C32E0046DB39 /* cef_raw_scoped_refptr_mismatch_checker.h */ = {isa = PBXFileReference; fileEncoding = 4; lastKnownFileType = sourcecode.c.h; path = cef_raw_scoped_refptr_mismatch_checker.h; sourceTree = "<group>"; };
		FD2BA1691A56C32E0046DB39 /* cef_thread_checker_impl.h */ = {isa = PBXFileReference; fileEncoding = 4; lastKnownFileType = sourcecode.c.h; path = cef_thread_checker_impl.h; sourceTree = "<group>"; };
		FD2BA16B1A56C32E0046DB39 /* cef_app_capi.h */ = {isa = PBXFileReference; fileEncoding = 4; lastKnownFileType = sourcecode.c.h; path = cef_app_capi.h; sourceTree = "<group>"; };
		FD2BA16C1A56C32E0046DB39 /* cef_auth_callback_capi.h */ = {isa = PBXFileReference; fileEncoding = 4; lastKnownFileType = sourcecode.c.h; path = cef_auth_callback_capi.h; sourceTree = "<group>"; };
		FD2BA16D1A56C32E0046DB39 /* cef_base_capi.h */ = {isa = PBXFileReference; fileEncoding = 4; lastKnownFileType = sourcecode.c.h; path = cef_base_capi.h; sourceTree = "<group>"; };
		FD2BA16E1A56C32E0046DB39 /* cef_browser_capi.h */ = {isa = PBXFileReference; fileEncoding = 4; lastKnownFileType = sourcecode.c.h; path = cef_browser_capi.h; sourceTree = "<group>"; };
		FD2BA16F1A56C32E0046DB39 /* cef_browser_process_handler_capi.h */ = {isa = PBXFileReference; fileEncoding = 4; lastKnownFileType = sourcecode.c.h; path = cef_browser_process_handler_capi.h; sourceTree = "<group>"; };
		FD2BA1701A56C32E0046DB39 /* cef_callback_capi.h */ = {isa = PBXFileReference; fileEncoding = 4; lastKnownFileType = sourcecode.c.h; path = cef_callback_capi.h; sourceTree = "<group>"; };
		FD2BA1711A56C32E0046DB39 /* cef_client_capi.h */ = {isa = PBXFileReference; fileEncoding = 4; lastKnownFileType = sourcecode.c.h; path = cef_client_capi.h; sourceTree = "<group>"; };
		FD2BA1721A56C32E0046DB39 /* cef_command_line_capi.h */ = {isa = PBXFileReference; fileEncoding = 4; lastKnownFileType = sourcecode.c.h; path = cef_command_line_capi.h; sourceTree = "<group>"; };
		FD2BA1731A56C32E0046DB39 /* cef_context_menu_handler_capi.h */ = {isa = PBXFileReference; fileEncoding = 4; lastKnownFileType = sourcecode.c.h; path = cef_context_menu_handler_capi.h; sourceTree = "<group>"; };
		FD2BA1741A56C32E0046DB39 /* cef_cookie_capi.h */ = {isa = PBXFileReference; fileEncoding = 4; lastKnownFileType = sourcecode.c.h; path = cef_cookie_capi.h; sourceTree = "<group>"; };
		FD2BA1751A56C32E0046DB39 /* cef_dialog_handler_capi.h */ = {isa = PBXFileReference; fileEncoding = 4; lastKnownFileType = sourcecode.c.h; path = cef_dialog_handler_capi.h; sourceTree = "<group>"; };
		FD2BA1761A56C32E0046DB39 /* cef_display_handler_capi.h */ = {isa = PBXFileReference; fileEncoding = 4; lastKnownFileType = sourcecode.c.h; path = cef_display_handler_capi.h; sourceTree = "<group>"; };
		FD2BA1771A56C32E0046DB39 /* cef_dom_capi.h */ = {isa = PBXFileReference; fileEncoding = 4; lastKnownFileType = sourcecode.c.h; path = cef_dom_capi.h; sourceTree = "<group>"; };
		FD2BA1781A56C32E0046DB39 /* cef_download_handler_capi.h */ = {isa = PBXFileReference; fileEncoding = 4; lastKnownFileType = sourcecode.c.h; path = cef_download_handler_capi.h; sourceTree = "<group>"; };
		FD2BA1791A56C32E0046DB39 /* cef_download_item_capi.h */ = {isa = PBXFileReference; fileEncoding = 4; lastKnownFileType = sourcecode.c.h; path = cef_download_item_capi.h; sourceTree = "<group>"; };
		FD2BA17A1A56C32E0046DB39 /* cef_drag_data_capi.h */ = {isa = PBXFileReference; fileEncoding = 4; lastKnownFileType = sourcecode.c.h; path = cef_drag_data_capi.h; sourceTree = "<group>"; };
		FD2BA17B1A56C32E0046DB39 /* cef_drag_handler_capi.h */ = {isa = PBXFileReference; fileEncoding = 4; lastKnownFileType = sourcecode.c.h; path = cef_drag_handler_capi.h; sourceTree = "<group>"; };
		FD2BA17C1A56C32E0046DB39 /* cef_focus_handler_capi.h */ = {isa = PBXFileReference; fileEncoding = 4; lastKnownFileType = sourcecode.c.h; path = cef_focus_handler_capi.h; sourceTree = "<group>"; };
		FD2BA17D1A56C32E0046DB39 /* cef_frame_capi.h */ = {isa = PBXFileReference; fileEncoding = 4; lastKnownFileType = sourcecode.c.h; path = cef_frame_capi.h; sourceTree = "<group>"; };
		FD2BA17E1A56C32E0046DB39 /* cef_geolocation_capi.h */ = {isa = PBXFileReference; fileEncoding = 4; lastKnownFileType = sourcecode.c.h; path = cef_geolocation_capi.h; sourceTree = "<group>"; };
		FD2BA17F1A56C32E0046DB39 /* cef_geolocation_handler_capi.h */ = {isa = PBXFileReference; fileEncoding = 4; lastKnownFileType = sourcecode.c.h; path = cef_geolocation_handler_capi.h; sourceTree = "<group>"; };
		FD2BA1801A56C32E0046DB39 /* cef_jsdialog_handler_capi.h */ = {isa = PBXFileReference; fileEncoding = 4; lastKnownFileType = sourcecode.c.h; path = cef_jsdialog_handler_capi.h; sourceTree = "<group>"; };
		FD2BA1811A56C32E0046DB39 /* cef_keyboard_handler_capi.h */ = {isa = PBXFileReference; fileEncoding = 4; lastKnownFileType = sourcecode.c.h; path = cef_keyboard_handler_capi.h; sourceTree = "<group>"; };
		FD2BA1821A56C32E0046DB39 /* cef_life_span_handler_capi.h */ = {isa = PBXFileReference; fileEncoding = 4; lastKnownFileType = sourcecode.c.h; path = cef_life_span_handler_capi.h; sourceTree = "<group>"; };
		FD2BA1831A56C32E0046DB39 /* cef_load_handler_capi.h */ = {isa = PBXFileReference; fileEncoding = 4; lastKnownFileType = sourcecode.c.h; path = cef_load_handler_capi.h; sourceTree = "<group>"; };
		FD2BA1841A56C32E0046DB39 /* cef_menu_model_capi.h */ = {isa = PBXFileReference; fileEncoding = 4; lastKnownFileType = sourcecode.c.h; path = cef_menu_model_capi.h; sourceTree = "<group>"; };
		FD2BA1851A56C32E0046DB39 /* cef_navigation_entry_capi.h */ = {isa = PBXFileReference; fileEncoding = 4; lastKnownFileType = sourcecode.c.h; path = cef_navigation_entry_capi.h; sourceTree = "<group>"; };
		FD2BA1861A56C32E0046DB39 /* cef_origin_whitelist_capi.h */ = {isa = PBXFileReference; fileEncoding = 4; lastKnownFileType = sourcecode.c.h; path = cef_origin_whitelist_capi.h; sourceTree = "<group>"; };
		FD2BA1871A56C32E0046DB39 /* cef_path_util_capi.h */ = {isa = PBXFileReference; fileEncoding = 4; lastKnownFileType = sourcecode.c.h; path = cef_path_util_capi.h; sourceTree = "<group>"; };
		FD2BA1881A56C32E0046DB39 /* cef_print_handler_capi.h */ = {isa = PBXFileReference; fileEncoding = 4; lastKnownFileType = sourcecode.c.h; path = cef_print_handler_capi.h; sourceTree = "<group>"; };
		FD2BA1891A56C32E0046DB39 /* cef_print_settings_capi.h */ = {isa = PBXFileReference; fileEncoding = 4; lastKnownFileType = sourcecode.c.h; path = cef_print_settings_capi.h; sourceTree = "<group>"; };
		FD2BA18A1A56C32E0046DB39 /* cef_process_message_capi.h */ = {isa = PBXFileReference; fileEncoding = 4; lastKnownFileType = sourcecode.c.h; path = cef_process_message_capi.h; sourceTree = "<group>"; };
		FD2BA18B1A56C32E0046DB39 /* cef_process_util_capi.h */ = {isa = PBXFileReference; fileEncoding = 4; lastKnownFileType = sourcecode.c.h; path = cef_process_util_capi.h; sourceTree = "<group>"; };
		FD2BA18C1A56C32E0046DB39 /* cef_render_handler_capi.h */ = {isa = PBXFileReference; fileEncoding = 4; lastKnownFileType = sourcecode.c.h; path = cef_render_handler_capi.h; sourceTree = "<group>"; };
		FD2BA18D1A56C32E0046DB39 /* cef_render_process_handler_capi.h */ = {isa = PBXFileReference; fileEncoding = 4; lastKnownFileType = sourcecode.c.h; path = cef_render_process_handler_capi.h; sourceTree = "<group>"; };
		FD2BA18E1A56C32E0046DB39 /* cef_request_capi.h */ = {isa = PBXFileReference; fileEncoding = 4; lastKnownFileType = sourcecode.c.h; path = cef_request_capi.h; sourceTree = "<group>"; };
		FD2BA18F1A56C32E0046DB39 /* cef_request_context_capi.h */ = {isa = PBXFileReference; fileEncoding = 4; lastKnownFileType = sourcecode.c.h; path = cef_request_context_capi.h; sourceTree = "<group>"; };
		FD2BA1901A56C32E0046DB39 /* cef_request_context_handler_capi.h */ = {isa = PBXFileReference; fileEncoding = 4; lastKnownFileType = sourcecode.c.h; path = cef_request_context_handler_capi.h; sourceTree = "<group>"; };
		FD2BA1911A56C32E0046DB39 /* cef_request_handler_capi.h */ = {isa = PBXFileReference; fileEncoding = 4; lastKnownFileType = sourcecode.c.h; path = cef_request_handler_capi.h; sourceTree = "<group>"; };
		FD2BA1921A56C32E0046DB39 /* cef_resource_bundle_handler_capi.h */ = {isa = PBXFileReference; fileEncoding = 4; lastKnownFileType = sourcecode.c.h; path = cef_resource_bundle_handler_capi.h; sourceTree = "<group>"; };
		FD2BA1931A56C32E0046DB39 /* cef_resource_handler_capi.h */ = {isa = PBXFileReference; fileEncoding = 4; lastKnownFileType = sourcecode.c.h; path = cef_resource_handler_capi.h; sourceTree = "<group>"; };
		FD2BA1941A56C32E0046DB39 /* cef_response_capi.h */ = {isa = PBXFileReference; fileEncoding = 4; lastKnownFileType = sourcecode.c.h; path = cef_response_capi.h; sourceTree = "<group>"; };
		FD2BA1951A56C32E0046DB39 /* cef_scheme_capi.h */ = {isa = PBXFileReference; fileEncoding = 4; lastKnownFileType = sourcecode.c.h; path = cef_scheme_capi.h; sourceTree = "<group>"; };
		FD2BA1961A56C32E0046DB39 /* cef_stream_capi.h */ = {isa = PBXFileReference; fileEncoding = 4; lastKnownFileType = sourcecode.c.h; path = cef_stream_capi.h; sourceTree = "<group>"; };
		FD2BA1971A56C32E0046DB39 /* cef_string_visitor_capi.h */ = {isa = PBXFileReference; fileEncoding = 4; lastKnownFileType = sourcecode.c.h; path = cef_string_visitor_capi.h; sourceTree = "<group>"; };
		FD2BA1981A56C32E0046DB39 /* cef_task_capi.h */ = {isa = PBXFileReference; fileEncoding = 4; lastKnownFileType = sourcecode.c.h; path = cef_task_capi.h; sourceTree = "<group>"; };
		FD2BA1991A56C32E0046DB39 /* cef_trace_capi.h */ = {isa = PBXFileReference; fileEncoding = 4; lastKnownFileType = sourcecode.c.h; path = cef_trace_capi.h; sourceTree = "<group>"; };
		FD2BA19A1A56C32E0046DB39 /* cef_url_capi.h */ = {isa = PBXFileReference; fileEncoding = 4; lastKnownFileType = sourcecode.c.h; path = cef_url_capi.h; sourceTree = "<group>"; };
		FD2BA19B1A56C32E0046DB39 /* cef_urlrequest_capi.h */ = {isa = PBXFileReference; fileEncoding = 4; lastKnownFileType = sourcecode.c.h; path = cef_urlrequest_capi.h; sourceTree = "<group>"; };
		FD2BA19C1A56C32E0046DB39 /* cef_v8_capi.h */ = {isa = PBXFileReference; fileEncoding = 4; lastKnownFileType = sourcecode.c.h; path = cef_v8_capi.h; sourceTree = "<group>"; };
		FD2BA19D1A56C32E0046DB39 /* cef_values_capi.h */ = {isa = PBXFileReference; fileEncoding = 4; lastKnownFileType = sourcecode.c.h; path = cef_values_capi.h; sourceTree = "<group>"; };
		FD2BA19E1A56C32E0046DB39 /* cef_web_plugin_capi.h */ = {isa = PBXFileReference; fileEncoding = 4; lastKnownFileType = sourcecode.c.h; path = cef_web_plugin_capi.h; sourceTree = "<group>"; };
		FD2BA19F1A56C32E0046DB39 /* cef_xml_reader_capi.h */ = {isa = PBXFileReference; fileEncoding = 4; lastKnownFileType = sourcecode.c.h; path = cef_xml_reader_capi.h; sourceTree = "<group>"; };
		FD2BA1A01A56C32E0046DB39 /* cef_zip_reader_capi.h */ = {isa = PBXFileReference; fileEncoding = 4; lastKnownFileType = sourcecode.c.h; path = cef_zip_reader_capi.h; sourceTree = "<group>"; };
		FD2BA1A11A56C32E0046DB39 /* cef_app.h */ = {isa = PBXFileReference; fileEncoding = 4; lastKnownFileType = sourcecode.c.h; path = cef_app.h; sourceTree = "<group>"; };
		FD2BA1A21A56C32E0046DB39 /* cef_application_mac.h */ = {isa = PBXFileReference; fileEncoding = 4; lastKnownFileType = sourcecode.c.h; path = cef_application_mac.h; sourceTree = "<group>"; };
		FD2BA1A31A56C32E0046DB39 /* cef_auth_callback.h */ = {isa = PBXFileReference; fileEncoding = 4; lastKnownFileType = sourcecode.c.h; path = cef_auth_callback.h; sourceTree = "<group>"; };
		FD2BA1A41A56C32E0046DB39 /* cef_base.h */ = {isa = PBXFileReference; fileEncoding = 4; lastKnownFileType = sourcecode.c.h; path = cef_base.h; sourceTree = "<group>"; };
		FD2BA1A51A56C32E0046DB39 /* cef_browser.h */ = {isa = PBXFileReference; fileEncoding = 4; lastKnownFileType = sourcecode.c.h; path = cef_browser.h; sourceTree = "<group>"; };
		FD2BA1A61A56C32E0046DB39 /* cef_browser_process_handler.h */ = {isa = PBXFileReference; fileEncoding = 4; lastKnownFileType = sourcecode.c.h; path = cef_browser_process_handler.h; sourceTree = "<group>"; };
		FD2BA1A71A56C32E0046DB39 /* cef_callback.h */ = {isa = PBXFileReference; fileEncoding = 4; lastKnownFileType = sourcecode.c.h; path = cef_callback.h; sourceTree = "<group>"; };
		FD2BA1A81A56C32E0046DB39 /* cef_client.h */ = {isa = PBXFileReference; fileEncoding = 4; lastKnownFileType = sourcecode.c.h; path = cef_client.h; sourceTree = "<group>"; };
		FD2BA1A91A56C32E0046DB39 /* cef_command_line.h */ = {isa = PBXFileReference; fileEncoding = 4; lastKnownFileType = sourcecode.c.h; path = cef_command_line.h; sourceTree = "<group>"; };
		FD2BA1AA1A56C32E0046DB39 /* cef_context_menu_handler.h */ = {isa = PBXFileReference; fileEncoding = 4; lastKnownFileType = sourcecode.c.h; path = cef_context_menu_handler.h; sourceTree = "<group>"; };
		FD2BA1AB1A56C32E0046DB39 /* cef_cookie.h */ = {isa = PBXFileReference; fileEncoding = 4; lastKnownFileType = sourcecode.c.h; path = cef_cookie.h; sourceTree = "<group>"; };
		FD2BA1AC1A56C32E0046DB39 /* cef_dialog_handler.h */ = {isa = PBXFileReference; fileEncoding = 4; lastKnownFileType = sourcecode.c.h; path = cef_dialog_handler.h; sourceTree = "<group>"; };
		FD2BA1AD1A56C32E0046DB39 /* cef_display_handler.h */ = {isa = PBXFileReference; fileEncoding = 4; lastKnownFileType = sourcecode.c.h; path = cef_display_handler.h; sourceTree = "<group>"; };
		FD2BA1AE1A56C32E0046DB39 /* cef_dom.h */ = {isa = PBXFileReference; fileEncoding = 4; lastKnownFileType = sourcecode.c.h; path = cef_dom.h; sourceTree = "<group>"; };
		FD2BA1AF1A56C32E0046DB39 /* cef_download_handler.h */ = {isa = PBXFileReference; fileEncoding = 4; lastKnownFileType = sourcecode.c.h; path = cef_download_handler.h; sourceTree = "<group>"; };
		FD2BA1B01A56C32E0046DB39 /* cef_download_item.h */ = {isa = PBXFileReference; fileEncoding = 4; lastKnownFileType = sourcecode.c.h; path = cef_download_item.h; sourceTree = "<group>"; };
		FD2BA1B11A56C32E0046DB39 /* cef_drag_data.h */ = {isa = PBXFileReference; fileEncoding = 4; lastKnownFileType = sourcecode.c.h; path = cef_drag_data.h; sourceTree = "<group>"; };
		FD2BA1B21A56C32E0046DB39 /* cef_drag_handler.h */ = {isa = PBXFileReference; fileEncoding = 4; lastKnownFileType = sourcecode.c.h; path = cef_drag_handler.h; sourceTree = "<group>"; };
		FD2BA1B31A56C32E0046DB39 /* cef_focus_handler.h */ = {isa = PBXFileReference; fileEncoding = 4; lastKnownFileType = sourcecode.c.h; path = cef_focus_handler.h; sourceTree = "<group>"; };
		FD2BA1B41A56C32E0046DB39 /* cef_frame.h */ = {isa = PBXFileReference; fileEncoding = 4; lastKnownFileType = sourcecode.c.h; path = cef_frame.h; sourceTree = "<group>"; };
		FD2BA1B51A56C32E0046DB39 /* cef_geolocation.h */ = {isa = PBXFileReference; fileEncoding = 4; lastKnownFileType = sourcecode.c.h; path = cef_geolocation.h; sourceTree = "<group>"; };
		FD2BA1B61A56C32E0046DB39 /* cef_geolocation_handler.h */ = {isa = PBXFileReference; fileEncoding = 4; lastKnownFileType = sourcecode.c.h; path = cef_geolocation_handler.h; sourceTree = "<group>"; };
		FD2BA1B71A56C32E0046DB39 /* cef_jsdialog_handler.h */ = {isa = PBXFileReference; fileEncoding = 4; lastKnownFileType = sourcecode.c.h; path = cef_jsdialog_handler.h; sourceTree = "<group>"; };
		FD2BA1B81A56C32E0046DB39 /* cef_keyboard_handler.h */ = {isa = PBXFileReference; fileEncoding = 4; lastKnownFileType = sourcecode.c.h; path = cef_keyboard_handler.h; sourceTree = "<group>"; };
		FD2BA1B91A56C32E0046DB39 /* cef_life_span_handler.h */ = {isa = PBXFileReference; fileEncoding = 4; lastKnownFileType = sourcecode.c.h; path = cef_life_span_handler.h; sourceTree = "<group>"; };
		FD2BA1BA1A56C32E0046DB39 /* cef_load_handler.h */ = {isa = PBXFileReference; fileEncoding = 4; lastKnownFileType = sourcecode.c.h; path = cef_load_handler.h; sourceTree = "<group>"; };
		FD2BA1BB1A56C32E0046DB39 /* cef_menu_model.h */ = {isa = PBXFileReference; fileEncoding = 4; lastKnownFileType = sourcecode.c.h; path = cef_menu_model.h; sourceTree = "<group>"; };
		FD2BA1BC1A56C32E0046DB39 /* cef_navigation_entry.h */ = {isa = PBXFileReference; fileEncoding = 4; lastKnownFileType = sourcecode.c.h; path = cef_navigation_entry.h; sourceTree = "<group>"; };
		FD2BA1BD1A56C32E0046DB39 /* cef_origin_whitelist.h */ = {isa = PBXFileReference; fileEncoding = 4; lastKnownFileType = sourcecode.c.h; path = cef_origin_whitelist.h; sourceTree = "<group>"; };
		FD2BA1BE1A56C32E0046DB39 /* cef_pack_resources.h */ = {isa = PBXFileReference; fileEncoding = 4; lastKnownFileType = sourcecode.c.h; path = cef_pack_resources.h; sourceTree = "<group>"; };
		FD2BA1BF1A56C32E0046DB39 /* cef_pack_strings.h */ = {isa = PBXFileReference; fileEncoding = 4; lastKnownFileType = sourcecode.c.h; path = cef_pack_strings.h; sourceTree = "<group>"; };
		FD2BA1C01A56C32E0046DB39 /* cef_path_util.h */ = {isa = PBXFileReference; fileEncoding = 4; lastKnownFileType = sourcecode.c.h; path = cef_path_util.h; sourceTree = "<group>"; };
		FD2BA1C11A56C32E0046DB39 /* cef_print_handler.h */ = {isa = PBXFileReference; fileEncoding = 4; lastKnownFileType = sourcecode.c.h; path = cef_print_handler.h; sourceTree = "<group>"; };
		FD2BA1C21A56C32E0046DB39 /* cef_print_settings.h */ = {isa = PBXFileReference; fileEncoding = 4; lastKnownFileType = sourcecode.c.h; path = cef_print_settings.h; sourceTree = "<group>"; };
		FD2BA1C31A56C32E0046DB39 /* cef_process_message.h */ = {isa = PBXFileReference; fileEncoding = 4; lastKnownFileType = sourcecode.c.h; path = cef_process_message.h; sourceTree = "<group>"; };
		FD2BA1C41A56C32E0046DB39 /* cef_process_util.h */ = {isa = PBXFileReference; fileEncoding = 4; lastKnownFileType = sourcecode.c.h; path = cef_process_util.h; sourceTree = "<group>"; };
		FD2BA1C51A56C32E0046DB39 /* cef_render_handler.h */ = {isa = PBXFileReference; fileEncoding = 4; lastKnownFileType = sourcecode.c.h; path = cef_render_handler.h; sourceTree = "<group>"; };
		FD2BA1C61A56C32E0046DB39 /* cef_render_process_handler.h */ = {isa = PBXFileReference; fileEncoding = 4; lastKnownFileType = sourcecode.c.h; path = cef_render_process_handler.h; sourceTree = "<group>"; };
		FD2BA1C71A56C32E0046DB39 /* cef_request.h */ = {isa = PBXFileReference; fileEncoding = 4; lastKnownFileType = sourcecode.c.h; path = cef_request.h; sourceTree = "<group>"; };
		FD2BA1C81A56C32E0046DB39 /* cef_request_context.h */ = {isa = PBXFileReference; fileEncoding = 4; lastKnownFileType = sourcecode.c.h; path = cef_request_context.h; sourceTree = "<group>"; };
		FD2BA1C91A56C32E0046DB39 /* cef_request_context_handler.h */ = {isa = PBXFileReference; fileEncoding = 4; lastKnownFileType = sourcecode.c.h; path = cef_request_context_handler.h; sourceTree = "<group>"; };
		FD2BA1CA1A56C32E0046DB39 /* cef_request_handler.h */ = {isa = PBXFileReference; fileEncoding = 4; lastKnownFileType = sourcecode.c.h; path = cef_request_handler.h; sourceTree = "<group>"; };
		FD2BA1CB1A56C32E0046DB39 /* cef_resource_bundle_handler.h */ = {isa = PBXFileReference; fileEncoding = 4; lastKnownFileType = sourcecode.c.h; path = cef_resource_bundle_handler.h; sourceTree = "<group>"; };
		FD2BA1CC1A56C32E0046DB39 /* cef_resource_handler.h */ = {isa = PBXFileReference; fileEncoding = 4; lastKnownFileType = sourcecode.c.h; path = cef_resource_handler.h; sourceTree = "<group>"; };
		FD2BA1CD1A56C32E0046DB39 /* cef_response.h */ = {isa = PBXFileReference; fileEncoding = 4; lastKnownFileType = sourcecode.c.h; path = cef_response.h; sourceTree = "<group>"; };
		FD2BA1CE1A56C32E0046DB39 /* cef_runnable.h */ = {isa = PBXFileReference; fileEncoding = 4; lastKnownFileType = sourcecode.c.h; path = cef_runnable.h; sourceTree = "<group>"; };
		FD2BA1CF1A56C32E0046DB39 /* cef_scheme.h */ = {isa = PBXFileReference; fileEncoding = 4; lastKnownFileType = sourcecode.c.h; path = cef_scheme.h; sourceTree = "<group>"; };
		FD2BA1D01A56C32E0046DB39 /* cef_stream.h */ = {isa = PBXFileReference; fileEncoding = 4; lastKnownFileType = sourcecode.c.h; path = cef_stream.h; sourceTree = "<group>"; };
		FD2BA1D11A56C32E0046DB39 /* cef_string_visitor.h */ = {isa = PBXFileReference; fileEncoding = 4; lastKnownFileType = sourcecode.c.h; path = cef_string_visitor.h; sourceTree = "<group>"; };
		FD2BA1D21A56C32E0046DB39 /* cef_task.h */ = {isa = PBXFileReference; fileEncoding = 4; lastKnownFileType = sourcecode.c.h; path = cef_task.h; sourceTree = "<group>"; };
		FD2BA1D31A56C32E0046DB39 /* cef_trace.h */ = {isa = PBXFileReference; fileEncoding = 4; lastKnownFileType = sourcecode.c.h; path = cef_trace.h; sourceTree = "<group>"; };
		FD2BA1D41A56C32E0046DB39 /* cef_url.h */ = {isa = PBXFileReference; fileEncoding = 4; lastKnownFileType = sourcecode.c.h; path = cef_url.h; sourceTree = "<group>"; };
		FD2BA1D51A56C32E0046DB39 /* cef_urlrequest.h */ = {isa = PBXFileReference; fileEncoding = 4; lastKnownFileType = sourcecode.c.h; path = cef_urlrequest.h; sourceTree = "<group>"; };
		FD2BA1D61A56C32E0046DB39 /* cef_v8.h */ = {isa = PBXFileReference; fileEncoding = 4; lastKnownFileType = sourcecode.c.h; path = cef_v8.h; sourceTree = "<group>"; };
		FD2BA1D71A56C32E0046DB39 /* cef_values.h */ = {isa = PBXFileReference; fileEncoding = 4; lastKnownFileType = sourcecode.c.h; path = cef_values.h; sourceTree = "<group>"; };
		FD2BA1D81A56C32E0046DB39 /* cef_version.h */ = {isa = PBXFileReference; fileEncoding = 4; lastKnownFileType = sourcecode.c.h; path = cef_version.h; sourceTree = "<group>"; };
		FD2BA1D91A56C32E0046DB39 /* cef_web_plugin.h */ = {isa = PBXFileReference; fileEncoding = 4; lastKnownFileType = sourcecode.c.h; path = cef_web_plugin.h; sourceTree = "<group>"; };
		FD2BA1DA1A56C32E0046DB39 /* cef_xml_reader.h */ = {isa = PBXFileReference; fileEncoding = 4; lastKnownFileType = sourcecode.c.h; path = cef_xml_reader.h; sourceTree = "<group>"; };
		FD2BA1DB1A56C32E0046DB39 /* cef_zip_reader.h */ = {isa = PBXFileReference; fileEncoding = 4; lastKnownFileType = sourcecode.c.h; path = cef_zip_reader.h; sourceTree = "<group>"; };
		FD2BA1DD1A56C32E0046DB39 /* cef_export.h */ = {isa = PBXFileReference; fileEncoding = 4; lastKnownFileType = sourcecode.c.h; path = cef_export.h; sourceTree = "<group>"; };
		FD2BA1DE1A56C32E0046DB39 /* cef_logging_internal.h */ = {isa = PBXFileReference; fileEncoding = 4; lastKnownFileType = sourcecode.c.h; path = cef_logging_internal.h; sourceTree = "<group>"; };
		FD2BA1DF1A56C32E0046DB39 /* cef_mac.h */ = {isa = PBXFileReference; fileEncoding = 4; lastKnownFileType = sourcecode.c.h; path = cef_mac.h; sourceTree = "<group>"; };
		FD2BA1E01A56C32E0046DB39 /* cef_ptr.h */ = {isa = PBXFileReference; fileEncoding = 4; lastKnownFileType = sourcecode.c.h; path = cef_ptr.h; sourceTree = "<group>"; };
		FD2BA1E11A56C32E0046DB39 /* cef_string.h */ = {isa = PBXFileReference; fileEncoding = 4; lastKnownFileType = sourcecode.c.h; path = cef_string.h; sourceTree = "<group>"; };
		FD2BA1E21A56C32E0046DB39 /* cef_string_list.h */ = {isa = PBXFileReference; fileEncoding = 4; lastKnownFileType = sourcecode.c.h; path = cef_string_list.h; sourceTree = "<group>"; };
		FD2BA1E31A56C32E0046DB39 /* cef_string_map.h */ = {isa = PBXFileReference; fileEncoding = 4; lastKnownFileType = sourcecode.c.h; path = cef_string_map.h; sourceTree = "<group>"; };
		FD2BA1E41A56C32E0046DB39 /* cef_string_multimap.h */ = {isa = PBXFileReference; fileEncoding = 4; lastKnownFileType = sourcecode.c.h; path = cef_string_multimap.h; sourceTree = "<group>"; };
		FD2BA1E51A56C32E0046DB39 /* cef_string_types.h */ = {isa = PBXFileReference; fileEncoding = 4; lastKnownFileType = sourcecode.c.h; path = cef_string_types.h; sourceTree = "<group>"; };
		FD2BA1E61A56C32E0046DB39 /* cef_string_wrappers.h */ = {isa = PBXFileReference; fileEncoding = 4; lastKnownFileType = sourcecode.c.h; path = cef_string_wrappers.h; sourceTree = "<group>"; };
		FD2BA1E71A56C32E0046DB39 /* cef_thread_internal.h */ = {isa = PBXFileReference; fileEncoding = 4; lastKnownFileType = sourcecode.c.h; path = cef_thread_internal.h; sourceTree = "<group>"; };
		FD2BA1E81A56C32E0046DB39 /* cef_time.h */ = {isa = PBXFileReference; fileEncoding = 4; lastKnownFileType = sourcecode.c.h; path = cef_time.h; sourceTree = "<group>"; };
		FD2BA1E91A56C32E0046DB39 /* cef_trace_event_internal.h */ = {isa = PBXFileReference; fileEncoding = 4; lastKnownFileType = sourcecode.c.h; path = cef_trace_event_internal.h; sourceTree = "<group>"; };
		FD2BA1EA1A56C32E0046DB39 /* cef_types.h */ = {isa = PBXFileReference; fileEncoding = 4; lastKnownFileType = sourcecode.c.h; path = cef_types.h; sourceTree = "<group>"; };
		FD2BA1EB1A56C32E0046DB39 /* cef_types_mac.h */ = {isa = PBXFileReference; fileEncoding = 4; lastKnownFileType = sourcecode.c.h; path = cef_types_mac.h; sourceTree = "<group>"; };
		FD2BA1EC1A56C32E0046DB39 /* cef_types_wrappers.h */ = {isa = PBXFileReference; fileEncoding = 4; lastKnownFileType = sourcecode.c.h; path = cef_types_wrappers.h; sourceTree = "<group>"; };
		FD2BA1EE1A56C32E0046DB39 /* cef_byte_read_handler.h */ = {isa = PBXFileReference; fileEncoding = 4; lastKnownFileType = sourcecode.c.h; path = cef_byte_read_handler.h; sourceTree = "<group>"; };
		FD2BA1EF1A56C32E0046DB39 /* cef_closure_task.h */ = {isa = PBXFileReference; fileEncoding = 4; lastKnownFileType = sourcecode.c.h; path = cef_closure_task.h; sourceTree = "<group>"; };
		FD2BA1F01A56C32E0046DB39 /* cef_helpers.h */ = {isa = PBXFileReference; fileEncoding = 4; lastKnownFileType = sourcecode.c.h; path = cef_helpers.h; sourceTree = "<group>"; };
		FD2BA1F11A56C32E0046DB39 /* cef_message_router.h */ = {isa = PBXFileReference; fileEncoding = 4; lastKnownFileType = sourcecode.c.h; path = cef_message_router.h; sourceTree = "<group>"; };
		FD2BA1F21A56C32E0046DB39 /* cef_stream_resource_handler.h */ = {isa = PBXFileReference; fileEncoding = 4; lastKnownFileType = sourcecode.c.h; path = cef_stream_resource_handler.h; sourceTree = "<group>"; };
		FD2BA1F31A56C32E0046DB39 /* cef_xml_object.h */ = {isa = PBXFileReference; fileEncoding = 4; lastKnownFileType = sourcecode.c.h; path = cef_xml_object.h; sourceTree = "<group>"; };
		FD2BA1F41A56C32E0046DB39 /* cef_zip_archive.h */ = {isa = PBXFileReference; fileEncoding = 4; lastKnownFileType = sourcecode.c.h; path = cef_zip_archive.h; sourceTree = "<group>"; };
		FD2BA1FB1A56C3530046DB39 /* Chromium Embedded Framework.framework */ = {isa = PBXFileReference; lastKnownFileType = wrapper.framework; path = "Chromium Embedded Framework.framework"; sourceTree = "<group>"; };
		FD2BA1FF1A56C3D50046DB39 /* libcef_dll_wrapper.a */ = {isa = PBXFileReference; lastKnownFileType = archive.ar; path = libcef_dll_wrapper.a; sourceTree = "<group>"; };
		FD2BA20D1A56E1840046DB39 /* Cocoa.framework */ = {isa = PBXFileReference; lastKnownFileType = wrapper.framework; name = Cocoa.framework; path = System/Library/Frameworks/Cocoa.framework; sourceTree = SDKROOT; };
		FD2BA2101A56E1840046DB39 /* AppKit.framework */ = {isa = PBXFileReference; lastKnownFileType = wrapper.framework; name = AppKit.framework; path = System/Library/Frameworks/AppKit.framework; sourceTree = SDKROOT; };
		FD2BA2111A56E1840046DB39 /* CoreData.framework */ = {isa = PBXFileReference; lastKnownFileType = wrapper.framework; name = CoreData.framework; path = System/Library/Frameworks/CoreData.framework; sourceTree = SDKROOT; };
		FD2BA2121A56E1840046DB39 /* Foundation.framework */ = {isa = PBXFileReference; lastKnownFileType = wrapper.framework; name = Foundation.framework; path = System/Library/Frameworks/Foundation.framework; sourceTree = SDKROOT; };
		FD2BA22C1A56E1840046DB39 /* XCTest.framework */ = {isa = PBXFileReference; lastKnownFileType = wrapper.framework; name = XCTest.framework; path = Library/Frameworks/XCTest.framework; sourceTree = DEVELOPER_DIR; };
		FD2BA2501A56E2860046DB39 /* cefHelper.app */ = {isa = PBXFileReference; explicitFileType = wrapper.application; includeInIndex = 0; path = cefHelper.app; sourceTree = BUILT_PRODUCTS_DIR; };
		FD4AF9181A5709530054EB33 /* cefWorkDebug.app */ = {isa = PBXFileReference; explicitFileType = wrapper.application; includeInIndex = 0; path = cefWorkDebug.app; sourceTree = BUILT_PRODUCTS_DIR; };
		FDCDFCF11A2146860092A247 /* browser_client.cpp */ = {isa = PBXFileReference; fileEncoding = 4; lastKnownFileType = sourcecode.cpp.cpp; path = browser_client.cpp; sourceTree = "<group>"; };
		FDCDFCF21A2146860092A247 /* browser_client.h */ = {isa = PBXFileReference; fileEncoding = 4; lastKnownFileType = sourcecode.c.h; path = browser_client.h; sourceTree = "<group>"; };
		FDCDFCF31A2146860092A247 /* cefgui.cpp */ = {isa = PBXFileReference; explicitFileType = sourcecode.cpp.objcpp; fileEncoding = 4; path = cefgui.cpp; sourceTree = "<group>"; };
		FDCDFCF41A2146860092A247 /* cefgui.h */ = {isa = PBXFileReference; fileEncoding = 4; lastKnownFileType = sourcecode.c.h; path = cefgui.h; sourceTree = "<group>"; };
		FDCDFCF51A2146860092A247 /* render_handler.cpp */ = {isa = PBXFileReference; explicitFileType = sourcecode.cpp.objcpp; fileEncoding = 4; path = render_handler.cpp; sourceTree = "<group>"; };
		FDCDFCF61A2146860092A247 /* render_handler.h */ = {isa = PBXFileReference; fileEncoding = 4; lastKnownFileType = sourcecode.c.h; path = render_handler.h; sourceTree = "<group>"; };
		FDDF83661A59B12A00DC5669 /* process_helper_mac.cpp */ = {isa = PBXFileReference; fileEncoding = 4; lastKnownFileType = sourcecode.cpp.cpp; path = process_helper_mac.cpp; sourceTree = "<group>"; };
/* End PBXFileReference section */

/* Begin PBXFrameworksBuildPhase section */
		E4B69B590A3A1756003C02F2 /* Frameworks */ = {
			isa = PBXFrameworksBuildPhase;
			buildActionMask = 2147483647;
			files = (
				E7F985F815E0DEA3003869B5 /* Accelerate.framework in Frameworks */,
				E7E077E815D3B6510020DFD4 /* QTKit.framework in Frameworks */,
				E4EB6799138ADC1D00A09F29 /* GLUT.framework in Frameworks */,
				E4328149138ABC9F0047C5CB /* openFrameworksDebug.a in Frameworks */,
				E45BE97B0E8CC7DD009D7055 /* AGL.framework in Frameworks */,
				E45BE97C0E8CC7DD009D7055 /* ApplicationServices.framework in Frameworks */,
				E45BE97D0E8CC7DD009D7055 /* AudioToolbox.framework in Frameworks */,
				E45BE97F0E8CC7DD009D7055 /* CoreAudio.framework in Frameworks */,
				E45BE9800E8CC7DD009D7055 /* CoreFoundation.framework in Frameworks */,
				E45BE9810E8CC7DD009D7055 /* CoreServices.framework in Frameworks */,
				E45BE9830E8CC7DD009D7055 /* OpenGL.framework in Frameworks */,
				FD2BA2001A56C3D50046DB39 /* libcef_dll_wrapper.a in Frameworks */,
				E45BE9840E8CC7DD009D7055 /* QuickTime.framework in Frameworks */,
				E4C2424710CC5A17004149E2 /* AppKit.framework in Frameworks */,
				E4C2424810CC5A17004149E2 /* Cocoa.framework in Frameworks */,
				FD2BA1FD1A56C3530046DB39 /* Chromium Embedded Framework.framework in Frameworks */,
				E4C2424910CC5A17004149E2 /* IOKit.framework in Frameworks */,
				E7E077E515D3B63C0020DFD4 /* CoreVideo.framework in Frameworks */,
			);
			runOnlyForDeploymentPostprocessing = 0;
		};
		FD2BA2081A56E1840046DB39 /* Frameworks */ = {
			isa = PBXFrameworksBuildPhase;
			buildActionMask = 2147483647;
			files = (
				FD2BA2531A56E7A80046DB39 /* Chromium Embedded Framework.framework in Frameworks */,
				FD2BA20E1A56E1840046DB39 /* Cocoa.framework in Frameworks */,
				FD2BA24F1A56E2860046DB39 /* libcef_dll_wrapper.a in Frameworks */,
			);
			runOnlyForDeploymentPostprocessing = 0;
		};
/* End PBXFrameworksBuildPhase section */

/* Begin PBXGroup section */
		BB4B014C10F69532006C3DED /* addons */ = {
			isa = PBXGroup;
			children = (
			);
			name = addons;
			sourceTree = "<group>";
		};
		BBAB23C913894ECA00AA2426 /* system frameworks */ = {
			isa = PBXGroup;
			children = (
				E7F985F515E0DE99003869B5 /* Accelerate.framework */,
				E4C2424410CC5A17004149E2 /* AppKit.framework */,
				E4C2424510CC5A17004149E2 /* Cocoa.framework */,
				E4C2424610CC5A17004149E2 /* IOKit.framework */,
				E45BE9710E8CC7DD009D7055 /* AGL.framework */,
				E45BE9720E8CC7DD009D7055 /* ApplicationServices.framework */,
				E45BE9730E8CC7DD009D7055 /* AudioToolbox.framework */,
				E45BE9750E8CC7DD009D7055 /* CoreAudio.framework */,
				E45BE9760E8CC7DD009D7055 /* CoreFoundation.framework */,
				E45BE9770E8CC7DD009D7055 /* CoreServices.framework */,
				E45BE9790E8CC7DD009D7055 /* OpenGL.framework */,
				E45BE97A0E8CC7DD009D7055 /* QuickTime.framework */,
				E7E077E415D3B63C0020DFD4 /* CoreVideo.framework */,
				E7E077E715D3B6510020DFD4 /* QTKit.framework */,
			);
			name = "system frameworks";
			sourceTree = "<group>";
		};
		BBAB23CA13894EDB00AA2426 /* 3rd party frameworks */ = {
			isa = PBXGroup;
			children = (
				BBAB23BE13894E4700AA2426 /* GLUT.framework */,
			);
			name = "3rd party frameworks";
			sourceTree = "<group>";
		};
		E4328144138ABC890047C5CB /* Products */ = {
			isa = PBXGroup;
			children = (
				E4328148138ABC890047C5CB /* openFrameworksDebug.a */,
			);
			name = Products;
			sourceTree = "<group>";
		};
		E45BE5980E8CC70C009D7055 /* frameworks */ = {
			isa = PBXGroup;
			children = (
				BBAB23CA13894EDB00AA2426 /* 3rd party frameworks */,
				BBAB23C913894ECA00AA2426 /* system frameworks */,
			);
			name = frameworks;
			sourceTree = "<group>";
		};
		E4B69B4A0A3A1720003C02F2 = {
			isa = PBXGroup;
			children = (
				E4B6FCAD0C3E899E008CF71C /* openFrameworks-Info.plist */,
				E4EB6923138AFD0F00A09F29 /* Project.xcconfig */,
				E4B69E1C0A3A1BDC003C02F2 /* src */,
				E4EEC9E9138DF44700A80321 /* openFrameworks */,
				BB4B014C10F69532006C3DED /* addons */,
				E45BE5980E8CC70C009D7055 /* frameworks */,
				FD2BA20C1A56E1840046DB39 /* Frameworks */,
				FD2BA2501A56E2860046DB39 /* cefHelper.app */,
				FD4AF9181A5709530054EB33 /* cefWorkDebug.app */,
			);
			sourceTree = "<group>";
		};
		E4B69E1C0A3A1BDC003C02F2 /* src */ = {
			isa = PBXGroup;
			children = (
				FDCDFCF01A2146860092A247 /* cefGUI */,
				FDCDFC661A2146590092A247 /* CEF */,
				E4B69E1D0A3A1BDC003C02F2 /* main.cpp */,
				E4B69E1E0A3A1BDC003C02F2 /* ofApp.cpp */,
				E4B69E1F0A3A1BDC003C02F2 /* ofApp.h */,
			);
			path = src;
			sourceTree = SOURCE_ROOT;
		};
		E4EEC9E9138DF44700A80321 /* openFrameworks */ = {
			isa = PBXGroup;
			children = (
				E4EB691F138AFCF100A09F29 /* CoreOF.xcconfig */,
				E4328143138ABC890047C5CB /* openFrameworksLib.xcodeproj */,
			);
			name = openFrameworks;
			sourceTree = "<group>";
		};
		FD2BA1471A56C32E0046DB39 /* include */ = {
			isa = PBXGroup;
			children = (
				FD2BA1481A56C32E0046DB39 /* base */,
				FD2BA16A1A56C32E0046DB39 /* capi */,
				FD2BA1A11A56C32E0046DB39 /* cef_app.h */,
				FD2BA1A21A56C32E0046DB39 /* cef_application_mac.h */,
				FD2BA1A31A56C32E0046DB39 /* cef_auth_callback.h */,
				FD2BA1A41A56C32E0046DB39 /* cef_base.h */,
				FD2BA1A51A56C32E0046DB39 /* cef_browser.h */,
				FD2BA1A61A56C32E0046DB39 /* cef_browser_process_handler.h */,
				FD2BA1A71A56C32E0046DB39 /* cef_callback.h */,
				FD2BA1A81A56C32E0046DB39 /* cef_client.h */,
				FD2BA1A91A56C32E0046DB39 /* cef_command_line.h */,
				FD2BA1AA1A56C32E0046DB39 /* cef_context_menu_handler.h */,
				FD2BA1AB1A56C32E0046DB39 /* cef_cookie.h */,
				FD2BA1AC1A56C32E0046DB39 /* cef_dialog_handler.h */,
				FD2BA1AD1A56C32E0046DB39 /* cef_display_handler.h */,
				FD2BA1AE1A56C32E0046DB39 /* cef_dom.h */,
				FD2BA1AF1A56C32E0046DB39 /* cef_download_handler.h */,
				FD2BA1B01A56C32E0046DB39 /* cef_download_item.h */,
				FD2BA1B11A56C32E0046DB39 /* cef_drag_data.h */,
				FD2BA1B21A56C32E0046DB39 /* cef_drag_handler.h */,
				FD2BA1B31A56C32E0046DB39 /* cef_focus_handler.h */,
				FD2BA1B41A56C32E0046DB39 /* cef_frame.h */,
				FD2BA1B51A56C32E0046DB39 /* cef_geolocation.h */,
				FD2BA1B61A56C32E0046DB39 /* cef_geolocation_handler.h */,
				FD2BA1B71A56C32E0046DB39 /* cef_jsdialog_handler.h */,
				FD2BA1B81A56C32E0046DB39 /* cef_keyboard_handler.h */,
				FD2BA1B91A56C32E0046DB39 /* cef_life_span_handler.h */,
				FD2BA1BA1A56C32E0046DB39 /* cef_load_handler.h */,
				FD2BA1BB1A56C32E0046DB39 /* cef_menu_model.h */,
				FD2BA1BC1A56C32E0046DB39 /* cef_navigation_entry.h */,
				FD2BA1BD1A56C32E0046DB39 /* cef_origin_whitelist.h */,
				FD2BA1BE1A56C32E0046DB39 /* cef_pack_resources.h */,
				FD2BA1BF1A56C32E0046DB39 /* cef_pack_strings.h */,
				FD2BA1C01A56C32E0046DB39 /* cef_path_util.h */,
				FD2BA1C11A56C32E0046DB39 /* cef_print_handler.h */,
				FD2BA1C21A56C32E0046DB39 /* cef_print_settings.h */,
				FD2BA1C31A56C32E0046DB39 /* cef_process_message.h */,
				FD2BA1C41A56C32E0046DB39 /* cef_process_util.h */,
				FD2BA1C51A56C32E0046DB39 /* cef_render_handler.h */,
				FD2BA1C61A56C32E0046DB39 /* cef_render_process_handler.h */,
				FD2BA1C71A56C32E0046DB39 /* cef_request.h */,
				FD2BA1C81A56C32E0046DB39 /* cef_request_context.h */,
				FD2BA1C91A56C32E0046DB39 /* cef_request_context_handler.h */,
				FD2BA1CA1A56C32E0046DB39 /* cef_request_handler.h */,
				FD2BA1CB1A56C32E0046DB39 /* cef_resource_bundle_handler.h */,
				FD2BA1CC1A56C32E0046DB39 /* cef_resource_handler.h */,
				FD2BA1CD1A56C32E0046DB39 /* cef_response.h */,
				FD2BA1CE1A56C32E0046DB39 /* cef_runnable.h */,
				FD2BA1CF1A56C32E0046DB39 /* cef_scheme.h */,
				FD2BA1D01A56C32E0046DB39 /* cef_stream.h */,
				FD2BA1D11A56C32E0046DB39 /* cef_string_visitor.h */,
				FD2BA1D21A56C32E0046DB39 /* cef_task.h */,
				FD2BA1D31A56C32E0046DB39 /* cef_trace.h */,
				FD2BA1D41A56C32E0046DB39 /* cef_url.h */,
				FD2BA1D51A56C32E0046DB39 /* cef_urlrequest.h */,
				FD2BA1D61A56C32E0046DB39 /* cef_v8.h */,
				FD2BA1D71A56C32E0046DB39 /* cef_values.h */,
				FD2BA1D81A56C32E0046DB39 /* cef_version.h */,
				FD2BA1D91A56C32E0046DB39 /* cef_web_plugin.h */,
				FD2BA1DA1A56C32E0046DB39 /* cef_xml_reader.h */,
				FD2BA1DB1A56C32E0046DB39 /* cef_zip_reader.h */,
				FD2BA1DC1A56C32E0046DB39 /* internal */,
				FD2BA1ED1A56C32E0046DB39 /* wrapper */,
			);
			path = include;
			sourceTree = "<group>";
		};
		FD2BA1481A56C32E0046DB39 /* base */ = {
			isa = PBXGroup;
			children = (
				FD2BA1491A56C32E0046DB39 /* cef_atomic_ref_count.h */,
				FD2BA14A1A56C32E0046DB39 /* cef_atomicops.h */,
				FD2BA14B1A56C32E0046DB39 /* cef_basictypes.h */,
				FD2BA14C1A56C32E0046DB39 /* cef_bind.h */,
				FD2BA14D1A56C32E0046DB39 /* cef_bind_helpers.h */,
				FD2BA14E1A56C32E0046DB39 /* cef_build.h */,
				FD2BA14F1A56C32E0046DB39 /* cef_callback.h */,
				FD2BA1501A56C32E0046DB39 /* cef_callback_forward.h */,
				FD2BA1511A56C32E0046DB39 /* cef_callback_helpers.h */,
				FD2BA1521A56C32E0046DB39 /* cef_callback_list.h */,
				FD2BA1531A56C32E0046DB39 /* cef_cancelable_callback.h */,
				FD2BA1541A56C32E0046DB39 /* cef_lock.h */,
				FD2BA1551A56C32E0046DB39 /* cef_logging.h */,
				FD2BA1561A56C32E0046DB39 /* cef_macros.h */,
				FD2BA1571A56C32E0046DB39 /* cef_move.h */,
				FD2BA1581A56C32E0046DB39 /* cef_platform_thread.h */,
				FD2BA1591A56C32E0046DB39 /* cef_ref_counted.h */,
				FD2BA15A1A56C32E0046DB39 /* cef_scoped_ptr.h */,
				FD2BA15B1A56C32E0046DB39 /* cef_string16.h */,
				FD2BA15C1A56C32E0046DB39 /* cef_template_util.h */,
				FD2BA15D1A56C32E0046DB39 /* cef_thread_checker.h */,
				FD2BA15E1A56C32E0046DB39 /* cef_thread_collision_warner.h */,
				FD2BA15F1A56C32E0046DB39 /* cef_trace_event.h */,
				FD2BA1601A56C32E0046DB39 /* cef_tuple.h */,
				FD2BA1611A56C32E0046DB39 /* cef_weak_ptr.h */,
				FD2BA1621A56C32E0046DB39 /* internal */,
			);
			path = base;
			sourceTree = "<group>";
		};
		FD2BA1621A56C32E0046DB39 /* internal */ = {
			isa = PBXGroup;
			children = (
				FD2BA1631A56C32E0046DB39 /* cef_atomicops_atomicword_compat.h */,
				FD2BA1641A56C32E0046DB39 /* cef_atomicops_mac.h */,
				FD2BA1651A56C32E0046DB39 /* cef_bind_internal.h */,
				FD2BA1661A56C32E0046DB39 /* cef_callback_internal.h */,
				FD2BA1671A56C32E0046DB39 /* cef_lock_impl.h */,
				FD2BA1681A56C32E0046DB39 /* cef_raw_scoped_refptr_mismatch_checker.h */,
				FD2BA1691A56C32E0046DB39 /* cef_thread_checker_impl.h */,
			);
			path = internal;
			sourceTree = "<group>";
		};
		FD2BA16A1A56C32E0046DB39 /* capi */ = {
			isa = PBXGroup;
			children = (
				FD2BA16B1A56C32E0046DB39 /* cef_app_capi.h */,
				FD2BA16C1A56C32E0046DB39 /* cef_auth_callback_capi.h */,
				FD2BA16D1A56C32E0046DB39 /* cef_base_capi.h */,
				FD2BA16E1A56C32E0046DB39 /* cef_browser_capi.h */,
				FD2BA16F1A56C32E0046DB39 /* cef_browser_process_handler_capi.h */,
				FD2BA1701A56C32E0046DB39 /* cef_callback_capi.h */,
				FD2BA1711A56C32E0046DB39 /* cef_client_capi.h */,
				FD2BA1721A56C32E0046DB39 /* cef_command_line_capi.h */,
				FD2BA1731A56C32E0046DB39 /* cef_context_menu_handler_capi.h */,
				FD2BA1741A56C32E0046DB39 /* cef_cookie_capi.h */,
				FD2BA1751A56C32E0046DB39 /* cef_dialog_handler_capi.h */,
				FD2BA1761A56C32E0046DB39 /* cef_display_handler_capi.h */,
				FD2BA1771A56C32E0046DB39 /* cef_dom_capi.h */,
				FD2BA1781A56C32E0046DB39 /* cef_download_handler_capi.h */,
				FD2BA1791A56C32E0046DB39 /* cef_download_item_capi.h */,
				FD2BA17A1A56C32E0046DB39 /* cef_drag_data_capi.h */,
				FD2BA17B1A56C32E0046DB39 /* cef_drag_handler_capi.h */,
				FD2BA17C1A56C32E0046DB39 /* cef_focus_handler_capi.h */,
				FD2BA17D1A56C32E0046DB39 /* cef_frame_capi.h */,
				FD2BA17E1A56C32E0046DB39 /* cef_geolocation_capi.h */,
				FD2BA17F1A56C32E0046DB39 /* cef_geolocation_handler_capi.h */,
				FD2BA1801A56C32E0046DB39 /* cef_jsdialog_handler_capi.h */,
				FD2BA1811A56C32E0046DB39 /* cef_keyboard_handler_capi.h */,
				FD2BA1821A56C32E0046DB39 /* cef_life_span_handler_capi.h */,
				FD2BA1831A56C32E0046DB39 /* cef_load_handler_capi.h */,
				FD2BA1841A56C32E0046DB39 /* cef_menu_model_capi.h */,
				FD2BA1851A56C32E0046DB39 /* cef_navigation_entry_capi.h */,
				FD2BA1861A56C32E0046DB39 /* cef_origin_whitelist_capi.h */,
				FD2BA1871A56C32E0046DB39 /* cef_path_util_capi.h */,
				FD2BA1881A56C32E0046DB39 /* cef_print_handler_capi.h */,
				FD2BA1891A56C32E0046DB39 /* cef_print_settings_capi.h */,
				FD2BA18A1A56C32E0046DB39 /* cef_process_message_capi.h */,
				FD2BA18B1A56C32E0046DB39 /* cef_process_util_capi.h */,
				FD2BA18C1A56C32E0046DB39 /* cef_render_handler_capi.h */,
				FD2BA18D1A56C32E0046DB39 /* cef_render_process_handler_capi.h */,
				FD2BA18E1A56C32E0046DB39 /* cef_request_capi.h */,
				FD2BA18F1A56C32E0046DB39 /* cef_request_context_capi.h */,
				FD2BA1901A56C32E0046DB39 /* cef_request_context_handler_capi.h */,
				FD2BA1911A56C32E0046DB39 /* cef_request_handler_capi.h */,
				FD2BA1921A56C32E0046DB39 /* cef_resource_bundle_handler_capi.h */,
				FD2BA1931A56C32E0046DB39 /* cef_resource_handler_capi.h */,
				FD2BA1941A56C32E0046DB39 /* cef_response_capi.h */,
				FD2BA1951A56C32E0046DB39 /* cef_scheme_capi.h */,
				FD2BA1961A56C32E0046DB39 /* cef_stream_capi.h */,
				FD2BA1971A56C32E0046DB39 /* cef_string_visitor_capi.h */,
				FD2BA1981A56C32E0046DB39 /* cef_task_capi.h */,
				FD2BA1991A56C32E0046DB39 /* cef_trace_capi.h */,
				FD2BA19A1A56C32E0046DB39 /* cef_url_capi.h */,
				FD2BA19B1A56C32E0046DB39 /* cef_urlrequest_capi.h */,
				FD2BA19C1A56C32E0046DB39 /* cef_v8_capi.h */,
				FD2BA19D1A56C32E0046DB39 /* cef_values_capi.h */,
				FD2BA19E1A56C32E0046DB39 /* cef_web_plugin_capi.h */,
				FD2BA19F1A56C32E0046DB39 /* cef_xml_reader_capi.h */,
				FD2BA1A01A56C32E0046DB39 /* cef_zip_reader_capi.h */,
			);
			path = capi;
			sourceTree = "<group>";
		};
		FD2BA1DC1A56C32E0046DB39 /* internal */ = {
			isa = PBXGroup;
			children = (
				FD2BA1DD1A56C32E0046DB39 /* cef_export.h */,
				FD2BA1DE1A56C32E0046DB39 /* cef_logging_internal.h */,
				FD2BA1DF1A56C32E0046DB39 /* cef_mac.h */,
				FD2BA1E01A56C32E0046DB39 /* cef_ptr.h */,
				FD2BA1E11A56C32E0046DB39 /* cef_string.h */,
				FD2BA1E21A56C32E0046DB39 /* cef_string_list.h */,
				FD2BA1E31A56C32E0046DB39 /* cef_string_map.h */,
				FD2BA1E41A56C32E0046DB39 /* cef_string_multimap.h */,
				FD2BA1E51A56C32E0046DB39 /* cef_string_types.h */,
				FD2BA1E61A56C32E0046DB39 /* cef_string_wrappers.h */,
				FD2BA1E71A56C32E0046DB39 /* cef_thread_internal.h */,
				FD2BA1E81A56C32E0046DB39 /* cef_time.h */,
				FD2BA1E91A56C32E0046DB39 /* cef_trace_event_internal.h */,
				FD2BA1EA1A56C32E0046DB39 /* cef_types.h */,
				FD2BA1EB1A56C32E0046DB39 /* cef_types_mac.h */,
				FD2BA1EC1A56C32E0046DB39 /* cef_types_wrappers.h */,
			);
			path = internal;
			sourceTree = "<group>";
		};
		FD2BA1ED1A56C32E0046DB39 /* wrapper */ = {
			isa = PBXGroup;
			children = (
				FD2BA1EE1A56C32E0046DB39 /* cef_byte_read_handler.h */,
				FD2BA1EF1A56C32E0046DB39 /* cef_closure_task.h */,
				FD2BA1F01A56C32E0046DB39 /* cef_helpers.h */,
				FD2BA1F11A56C32E0046DB39 /* cef_message_router.h */,
				FD2BA1F21A56C32E0046DB39 /* cef_stream_resource_handler.h */,
				FD2BA1F31A56C32E0046DB39 /* cef_xml_object.h */,
				FD2BA1F41A56C32E0046DB39 /* cef_zip_archive.h */,
			);
			path = wrapper;
			sourceTree = "<group>";
		};
		FD2BA1FA1A56C3530046DB39 /* lib */ = {
			isa = PBXGroup;
			children = (
				FD2BA1FF1A56C3D50046DB39 /* libcef_dll_wrapper.a */,
				FD2BA1FB1A56C3530046DB39 /* Chromium Embedded Framework.framework */,
			);
			name = lib;
			path = src/CEF/lib;
			sourceTree = SOURCE_ROOT;
		};
		FD2BA20C1A56E1840046DB39 /* Frameworks */ = {
			isa = PBXGroup;
			children = (
				FD2BA20D1A56E1840046DB39 /* Cocoa.framework */,
				FD2BA22C1A56E1840046DB39 /* XCTest.framework */,
				FD2BA20F1A56E1840046DB39 /* Other Frameworks */,
			);
			name = Frameworks;
			sourceTree = "<group>";
		};
		FD2BA20F1A56E1840046DB39 /* Other Frameworks */ = {
			isa = PBXGroup;
			children = (
				FD2BA2101A56E1840046DB39 /* AppKit.framework */,
				FD2BA2111A56E1840046DB39 /* CoreData.framework */,
				FD2BA2121A56E1840046DB39 /* Foundation.framework */,
			);
			name = "Other Frameworks";
			sourceTree = "<group>";
		};
		FDCDFC661A2146590092A247 /* CEF */ = {
			isa = PBXGroup;
			children = (
				FD2BA1FA1A56C3530046DB39 /* lib */,
				FD2BA1471A56C32E0046DB39 /* include */,
			);
			path = CEF;
			sourceTree = "<group>";
		};
		FDCDFCF01A2146860092A247 /* cefGUI */ = {
			isa = PBXGroup;
			children = (
				F30E9DEF1A66BB340083FFD2 /* ClientApp.cpp */,
				F30E9DF01A66BB340083FFD2 /* ClientApp.h */,
				F30E9DF11A66BB340083FFD2 /* ClientV8ExtensionHandler.cpp */,
				F30E9DF21A66BB340083FFD2 /* ClientV8ExtensionHandler.h */,
				FDDF83661A59B12A00DC5669 /* process_helper_mac.cpp */,
				FDCDFCF11A2146860092A247 /* browser_client.cpp */,
				FDCDFCF21A2146860092A247 /* browser_client.h */,
				FDCDFCF31A2146860092A247 /* cefgui.cpp */,
				FDCDFCF41A2146860092A247 /* cefgui.h */,
				FDCDFCF51A2146860092A247 /* render_handler.cpp */,
				FDCDFCF61A2146860092A247 /* render_handler.h */,
			);
			path = cefGUI;
			sourceTree = "<group>";
		};
/* End PBXGroup section */

/* Begin PBXNativeTarget section */
		E4B69B5A0A3A1756003C02F2 /* cefWork */ = {
			isa = PBXNativeTarget;
			buildConfigurationList = E4B69B5F0A3A1757003C02F2 /* Build configuration list for PBXNativeTarget "cefWork" */;
			buildPhases = (
				FD598D441A21798300AC729F /* CopyFiles */,
				E4B69B580A3A1756003C02F2 /* Sources */,
				E4B69B590A3A1756003C02F2 /* Frameworks */,
				E4B6FFFD0C3F9AB9008CF71C /* ShellScript */,
				E4C2427710CC5ABF004149E2 /* CopyFiles */,
				FD598D471A217A6900AC729F /* Run Script */,
				FD598D481A217A9F00AC729F /* Run Script */,
				FD2BA2571A56E9520046DB39 /* ShellScript */,
				FD4AF9491A58389A0054EB33 /* ShellScript */,
			);
			buildRules = (
			);
			dependencies = (
				E4EEB9AC138B136A00A80321 /* PBXTargetDependency */,
			);
			name = cefWork;
			productName = myOFApp;
			productReference = FD4AF9181A5709530054EB33 /* cefWorkDebug.app */;
			productType = "com.apple.product-type.application";
		};
		FD2BA20A1A56E1840046DB39 /* cefHelper */ = {
			isa = PBXNativeTarget;
			buildConfigurationList = FD2BA2391A56E1840046DB39 /* Build configuration list for PBXNativeTarget "cefHelper" */;
			buildPhases = (
				FD2BA2071A56E1840046DB39 /* Sources */,
				FD2BA2081A56E1840046DB39 /* Frameworks */,
				FD2BA2091A56E1840046DB39 /* Resources */,
			);
			buildRules = (
			);
			dependencies = (
			);
			name = cefHelper;
			productName = cefHelper;
			productReference = FD2BA2501A56E2860046DB39 /* cefHelper.app */;
			productType = "com.apple.product-type.application";
		};
/* End PBXNativeTarget section */

/* Begin PBXProject section */
		E4B69B4C0A3A1720003C02F2 /* Project object */ = {
			isa = PBXProject;
			attributes = {
				LastUpgradeCheck = 0460;
			};
			buildConfigurationList = E4B69B4D0A3A1720003C02F2 /* Build configuration list for PBXProject "cefWork" */;
			compatibilityVersion = "Xcode 3.2";
			developmentRegion = English;
			hasScannedForEncodings = 0;
			knownRegions = (
				English,
				Japanese,
				French,
				German,
				en,
				Base,
			);
			mainGroup = E4B69B4A0A3A1720003C02F2;
			productRefGroup = E4B69B4A0A3A1720003C02F2;
			projectDirPath = "";
			projectReferences = (
				{
					ProductGroup = E4328144138ABC890047C5CB /* Products */;
					ProjectRef = E4328143138ABC890047C5CB /* openFrameworksLib.xcodeproj */;
				},
			);
			projectRoot = "";
			targets = (
				E4B69B5A0A3A1756003C02F2 /* cefWork */,
				FD2BA20A1A56E1840046DB39 /* cefHelper */,
			);
		};
/* End PBXProject section */

/* Begin PBXReferenceProxy section */
		E4328148138ABC890047C5CB /* openFrameworksDebug.a */ = {
			isa = PBXReferenceProxy;
			fileType = archive.ar;
			path = openFrameworksDebug.a;
			remoteRef = E4328147138ABC890047C5CB /* PBXContainerItemProxy */;
			sourceTree = BUILT_PRODUCTS_DIR;
		};
/* End PBXReferenceProxy section */

/* Begin PBXResourcesBuildPhase section */
		FD2BA2091A56E1840046DB39 /* Resources */ = {
			isa = PBXResourcesBuildPhase;
			buildActionMask = 2147483647;
			files = (
			);
			runOnlyForDeploymentPostprocessing = 0;
		};
/* End PBXResourcesBuildPhase section */

/* Begin PBXShellScriptBuildPhase section */
		E4B6FFFD0C3F9AB9008CF71C /* ShellScript */ = {
			isa = PBXShellScriptBuildPhase;
			buildActionMask = 2147483647;
			files = (
			);
			inputPaths = (
			);
			outputPaths = (
			);
			runOnlyForDeploymentPostprocessing = 0;
			shellPath = /bin/sh;
			shellScript = "cp -f ../../../libs/fmodex/lib/osx/libfmodex.dylib \"$TARGET_BUILD_DIR/$PRODUCT_NAME.app/Contents/MacOS/libfmodex.dylib\"; install_name_tool -change ./libfmodex.dylib @executable_path/libfmodex.dylib \"$TARGET_BUILD_DIR/$PRODUCT_NAME.app/Contents/MacOS/$PRODUCT_NAME\";\nmkdir -p \"$TARGET_BUILD_DIR/$PRODUCT_NAME.app/Contents/Resources/\"\ncp -f \"$ICON_FILE\" \"$TARGET_BUILD_DIR/$PRODUCT_NAME.app/Contents/Resources/\"\n\n\n\n\n\n\n\n\n";
		};
		FD2BA2571A56E9520046DB39 /* ShellScript */ = {
			isa = PBXShellScriptBuildPhase;
			buildActionMask = 2147483647;
			files = (
			);
			inputPaths = (
			);
			outputPaths = (
			);
			runOnlyForDeploymentPostprocessing = 0;
			shellPath = /bin/sh;
			shellScript = "cp -Rf \"$TARGET_BUILD_DIR/cefHelper.app\" \"$TARGET_BUILD_DIR/$PRODUCT_NAME.app/Contents/Frameworks/\"\nmv \"$TARGET_BUILD_DIR/$PRODUCT_NAME.app/Contents/Frameworks/cefHelper.app/Contents/MacOS/cefHelper\" \"$TARGET_BUILD_DIR/$PRODUCT_NAME.app/Contents/Frameworks/cefHelper.app/Contents/MacOS/$PRODUCT_NAME Helper\"\nrm -rf \"$TARGET_BUILD_DIR/$PRODUCT_NAME.app/Contents/Frameworks/$PRODUCT_NAME Helper.app\"\nmv \"$TARGET_BUILD_DIR/$PRODUCT_NAME.app/Contents/Frameworks/cefHelper.app\" \"$TARGET_BUILD_DIR/$PRODUCT_NAME.app/Contents/Frameworks/$PRODUCT_NAME Helper.app\"\nexec install_name_tool -change \"@executable_path/Chromium Embedded Framework\" \"@executable_path/../../../../Frameworks/Chromium Embedded Framework.framework/Chromium Embedded Framework\" \"$TARGET_BUILD_DIR/$PRODUCT_NAME.app/Contents/Frameworks/$PRODUCT_NAME Helper.app/Contents/MacOS/$PRODUCT_NAME Helper\"\nexec install_name_tool -change ./libfmodex.dylib @executable_path/libfmodex.dylib \"$TARGET_BUILD_DIR/$PRODUCT_NAME.app/Contents/Frameworks/$PRODUCT_NAME Helper.app/Contents/MacOS/$PRODUCT_NAME Helper\";\n\n\n";
		};
		FD4AF9491A58389A0054EB33 /* ShellScript */ = {
			isa = PBXShellScriptBuildPhase;
			buildActionMask = 2147483647;
			files = (
			);
			inputPaths = (
				"$(BUILT_PRODUCTS_DIR)/$(EXECUTABLE_PATH)",
			);
			outputPaths = (
			);
			runOnlyForDeploymentPostprocessing = 0;
			shellPath = /bin/sh;
			shellScript = "exec \"$TARGET_BUILD_DIR/../make_more_helpers.sh\" Frameworks $PRODUCT_NAME";
		};
		FD598D471A217A6900AC729F /* Run Script */ = {
			isa = PBXShellScriptBuildPhase;
			buildActionMask = 2147483647;
			files = (
			);
			inputPaths = (
			);
			name = "Run Script";
			outputPaths = (
			);
			runOnlyForDeploymentPostprocessing = 0;
			shellPath = /bin/sh;
			shellScript = "exec cp -Rf \"src/CEF/lib/Chromium Embedded Framework.framework\" \"${BUILT_PRODUCTS_DIR}/${PRODUCT_NAME}.app/Contents/Frameworks/\"\nexit 1";
		};
		FD598D481A217A9F00AC729F /* Run Script */ = {
			isa = PBXShellScriptBuildPhase;
			buildActionMask = 2147483647;
			files = (
			);
			inputPaths = (
			);
			name = "Run Script";
			outputPaths = (
			);
			runOnlyForDeploymentPostprocessing = 0;
			shellPath = /bin/sh;
			shellScript = "exec install_name_tool -change \"@executable_path/Chromium Embedded Framework\" \"@executable_path/../Frameworks/Chromium Embedded Framework.framework/Chromium Embedded Framework\" \"${BUILT_PRODUCTS_DIR}/${EXECUTABLE_PATH}\"\nexit 1";
		};
/* End PBXShellScriptBuildPhase section */

/* Begin PBXSourcesBuildPhase section */
		E4B69B580A3A1756003C02F2 /* Sources */ = {
			isa = PBXSourcesBuildPhase;
			buildActionMask = 2147483647;
			files = (
				F30E9DF41A66BB340083FFD2 /* ClientV8ExtensionHandler.cpp in Sources */,
				FDCDFCF91A2146860092A247 /* render_handler.cpp in Sources */,
				E4B69E200A3A1BDC003C02F2 /* main.cpp in Sources */,
				F30E9DF31A66BB340083FFD2 /* ClientApp.cpp in Sources */,
				E4B69E210A3A1BDC003C02F2 /* ofApp.cpp in Sources */,
				FDCDFCF81A2146860092A247 /* cefgui.cpp in Sources */,
				FDCDFCF71A2146860092A247 /* browser_client.cpp in Sources */,
			);
			runOnlyForDeploymentPostprocessing = 0;
		};
		FD2BA2071A56E1840046DB39 /* Sources */ = {
			isa = PBXSourcesBuildPhase;
			buildActionMask = 2147483647;
			files = (
				F355AE5C1A69F2910085F627 /* ClientV8ExtensionHandler.cpp in Sources */,
				F355AE5B1A69F27D0085F627 /* ClientApp.cpp in Sources */,
				FDDF83671A59B12A00DC5669 /* process_helper_mac.cpp in Sources */,
			);
			runOnlyForDeploymentPostprocessing = 0;
		};
/* End PBXSourcesBuildPhase section */

/* Begin PBXTargetDependency section */
		E4EEB9AC138B136A00A80321 /* PBXTargetDependency */ = {
			isa = PBXTargetDependency;
			name = openFrameworks;
			targetProxy = E4EEB9AB138B136A00A80321 /* PBXContainerItemProxy */;
		};
/* End PBXTargetDependency section */

/* Begin XCBuildConfiguration section */
		E4B69B4E0A3A1720003C02F2 /* Debug */ = {
			isa = XCBuildConfiguration;
			baseConfigurationReference = E4EB6923138AFD0F00A09F29 /* Project.xcconfig */;
			buildSettings = {
				ARCHS = "$(ARCHS_STANDARD_32_BIT)";
				CONFIGURATION_BUILD_DIR = "$(SRCROOT)/bin/";
				COPY_PHASE_STRIP = NO;
				DEAD_CODE_STRIPPING = YES;
				GCC_AUTO_VECTORIZATION = YES;
				GCC_ENABLE_SSE3_EXTENSIONS = YES;
				GCC_ENABLE_SUPPLEMENTAL_SSE3_INSTRUCTIONS = YES;
				GCC_INLINES_ARE_PRIVATE_EXTERN = NO;
				GCC_OPTIMIZATION_LEVEL = 0;
				GCC_SYMBOLS_PRIVATE_EXTERN = NO;
				GCC_WARN_ABOUT_DEPRECATED_FUNCTIONS = YES;
				GCC_WARN_ABOUT_INVALID_OFFSETOF_MACRO = NO;
				GCC_WARN_ALLOW_INCOMPLETE_PROTOCOL = NO;
				GCC_WARN_UNINITIALIZED_AUTOS = NO;
				GCC_WARN_UNUSED_VALUE = NO;
				GCC_WARN_UNUSED_VARIABLE = NO;
				HEADER_SEARCH_PATHS = (
					"$(OF_CORE_HEADERS)",
					"src/CEF/**",
				);
				MACOSX_DEPLOYMENT_TARGET = 10.6;
				OTHER_CPLUSPLUSFLAGS = (
					"-D__MACOSX_CORE__",
					"-lpthread",
					"-mtune=native",
				);
				SDKROOT = macosx;
				VALID_ARCHS = "i386 x86_64";
			};
			name = Debug;
		};
		E4B69B4F0A3A1720003C02F2 /* Release */ = {
			isa = XCBuildConfiguration;
			baseConfigurationReference = E4EB6923138AFD0F00A09F29 /* Project.xcconfig */;
			buildSettings = {
				ARCHS = "$(ARCHS_STANDARD_32_BIT)";
				CONFIGURATION_BUILD_DIR = "$(SRCROOT)/bin/";
				COPY_PHASE_STRIP = YES;
				DEAD_CODE_STRIPPING = YES;
				GCC_AUTO_VECTORIZATION = YES;
				GCC_ENABLE_SSE3_EXTENSIONS = YES;
				GCC_ENABLE_SUPPLEMENTAL_SSE3_INSTRUCTIONS = YES;
				GCC_INLINES_ARE_PRIVATE_EXTERN = NO;
				GCC_OPTIMIZATION_LEVEL = 3;
				GCC_SYMBOLS_PRIVATE_EXTERN = NO;
				GCC_UNROLL_LOOPS = YES;
				GCC_WARN_ABOUT_DEPRECATED_FUNCTIONS = YES;
				GCC_WARN_ABOUT_INVALID_OFFSETOF_MACRO = NO;
				GCC_WARN_ALLOW_INCOMPLETE_PROTOCOL = NO;
				GCC_WARN_UNINITIALIZED_AUTOS = NO;
				GCC_WARN_UNUSED_VALUE = NO;
				GCC_WARN_UNUSED_VARIABLE = NO;
				HEADER_SEARCH_PATHS = (
					"$(OF_CORE_HEADERS)",
					"src/CEF/**",
				);
				MACOSX_DEPLOYMENT_TARGET = 10.6;
				OTHER_CPLUSPLUSFLAGS = (
					"-D__MACOSX_CORE__",
					"-lpthread",
					"-mtune=native",
				);
				SDKROOT = macosx;
				VALID_ARCHS = "i386 x86_64";
			};
			name = Release;
		};
		E4B69B600A3A1757003C02F2 /* Debug */ = {
			isa = XCBuildConfiguration;
			buildSettings = {
				COMBINE_HIDPI_IMAGES = YES;
				COPY_PHASE_STRIP = NO;
				FRAMEWORK_SEARCH_PATHS = (
					"$(inherited)",
					"$(FRAMEWORK_SEARCH_PATHS_QUOTED_FOR_TARGET_1)",
					"$(PROJECT_DIR)/src/CEF/lib",
					"$(PROJECT_DIR)/src/CEF/Release",
				);
				FRAMEWORK_SEARCH_PATHS_QUOTED_FOR_TARGET_1 = "\"$(SRCROOT)/../../../libs/glut/lib/osx\"";
				GCC_DYNAMIC_NO_PIC = NO;
				GCC_GENERATE_DEBUGGING_SYMBOLS = YES;
				GCC_MODEL_TUNING = NONE;
				HEADER_SEARCH_PATHS = (
					"$(OF_CORE_HEADERS)",
					"src/cef/**",
				);
				ICON = "$(ICON_NAME_DEBUG)";
				ICON_FILE = "$(ICON_FILE_PATH)$(ICON)";
				INFOPLIST_FILE = "openFrameworks-Info.plist";
				INSTALL_PATH = "$(HOME)/Applications";
				LIBRARY_SEARCH_PATHS = (
					"$(inherited)",
					"$(LIBRARY_SEARCH_PATHS_QUOTED_FOR_TARGET_1)",
					"$(LIBRARY_SEARCH_PATHS_QUOTED_FOR_TARGET_2)",
					"$(LIBRARY_SEARCH_PATHS_QUOTED_FOR_TARGET_3)",
					"$(LIBRARY_SEARCH_PATHS_QUOTED_FOR_TARGET_4)",
					"$(LIBRARY_SEARCH_PATHS_QUOTED_FOR_TARGET_5)",
					"$(LIBRARY_SEARCH_PATHS_QUOTED_FOR_TARGET_6)",
					"$(LIBRARY_SEARCH_PATHS_QUOTED_FOR_TARGET_7)",
					"$(LIBRARY_SEARCH_PATHS_QUOTED_FOR_TARGET_8)",
					"$(LIBRARY_SEARCH_PATHS_QUOTED_FOR_TARGET_9)",
					"$(LIBRARY_SEARCH_PATHS_QUOTED_FOR_TARGET_10)",
					"$(LIBRARY_SEARCH_PATHS_QUOTED_FOR_TARGET_11)",
					"$(LIBRARY_SEARCH_PATHS_QUOTED_FOR_TARGET_12)",
					"$(LIBRARY_SEARCH_PATHS_QUOTED_FOR_TARGET_13)",
					"$(LIBRARY_SEARCH_PATHS_QUOTED_FOR_TARGET_14)",
					"$(LIBRARY_SEARCH_PATHS_QUOTED_FOR_TARGET_15)",
					"$(LIBRARY_SEARCH_PATHS_QUOTED_FOR_TARGET_2)",
					"$(LIBRARY_SEARCH_PATHS_QUOTED_FOR_TARGET_3)",
					"$(LIBRARY_SEARCH_PATHS_QUOTED_FOR_TARGET_7)",
					"$(LIBRARY_SEARCH_PATHS_QUOTED_FOR_TARGET_8)",
					"$(LIBRARY_SEARCH_PATHS_QUOTED_FOR_TARGET_9)",
					"$(LIBRARY_SEARCH_PATHS_QUOTED_FOR_TARGET_10)",
					"$(LIBRARY_SEARCH_PATHS_QUOTED_FOR_TARGET_11)",
					"$(LIBRARY_SEARCH_PATHS_QUOTED_FOR_TARGET_12)",
					"$(LIBRARY_SEARCH_PATHS_QUOTED_FOR_TARGET_13)",
					"$(LIBRARY_SEARCH_PATHS_QUOTED_FOR_TARGET_16)",
					"$(LIBRARY_SEARCH_PATHS_QUOTED_FOR_TARGET_17)",
					"$(LIBRARY_SEARCH_PATHS_QUOTED_FOR_TARGET_18)",
					"$(LIBRARY_SEARCH_PATHS_QUOTED_FOR_TARGET_19)",
					"$(LIBRARY_SEARCH_PATHS_QUOTED_FOR_TARGET_20)",
					"$(LIBRARY_SEARCH_PATHS_QUOTED_FOR_TARGET_21)",
					"$(LIBRARY_SEARCH_PATHS_QUOTED_FOR_TARGET_22)",
					"$(LIBRARY_SEARCH_PATHS_QUOTED_FOR_TARGET_23)",
					"$(LIBRARY_SEARCH_PATHS_QUOTED_FOR_TARGET_24)",
					"$(LIBRARY_SEARCH_PATHS_QUOTED_FOR_TARGET_25)",
					"$(LIBRARY_SEARCH_PATHS_QUOTED_FOR_TARGET_26)",
					"$(LIBRARY_SEARCH_PATHS_QUOTED_FOR_TARGET_27)",
					"$(LIBRARY_SEARCH_PATHS_QUOTED_FOR_TARGET_28)",
					"$(LIBRARY_SEARCH_PATHS_QUOTED_FOR_TARGET_29)",
					"$(LIBRARY_SEARCH_PATHS_QUOTED_FOR_TARGET_30)",
					"$(LIBRARY_SEARCH_PATHS_QUOTED_FOR_TARGET_31)",
					"$(LIBRARY_SEARCH_PATHS_QUOTED_FOR_TARGET_32)",
					"$(LIBRARY_SEARCH_PATHS_QUOTED_FOR_TARGET_33)",
					"$(LIBRARY_SEARCH_PATHS_QUOTED_FOR_TARGET_34)",
					"$(LIBRARY_SEARCH_PATHS_QUOTED_FOR_TARGET_35)",
					"$(LIBRARY_SEARCH_PATHS_QUOTED_FOR_TARGET_36)",
					"$(LIBRARY_SEARCH_PATHS_QUOTED_FOR_TARGET_37)",
					"$(LIBRARY_SEARCH_PATHS_QUOTED_FOR_TARGET_38)",
					"$(LIBRARY_SEARCH_PATHS_QUOTED_FOR_TARGET_39)",
					"$(LIBRARY_SEARCH_PATHS_QUOTED_FOR_TARGET_40)",
					"$(LIBRARY_SEARCH_PATHS_QUOTED_FOR_TARGET_41)",
					"$(LIBRARY_SEARCH_PATHS_QUOTED_FOR_TARGET_42)",
					"$(LIBRARY_SEARCH_PATHS_QUOTED_FOR_TARGET_43)",
					"$(LIBRARY_SEARCH_PATHS_QUOTED_FOR_TARGET_44)",
					"$(LIBRARY_SEARCH_PATHS_QUOTED_FOR_TARGET_45)",
					"$(LIBRARY_SEARCH_PATHS_QUOTED_FOR_TARGET_46)",
					"$(LIBRARY_SEARCH_PATHS_QUOTED_FOR_TARGET_47)",
					"$(LIBRARY_SEARCH_PATHS_QUOTED_FOR_TARGET_48)",
					"$(LIBRARY_SEARCH_PATHS_QUOTED_FOR_TARGET_49)",
					"$(LIBRARY_SEARCH_PATHS_QUOTED_FOR_TARGET_50)",
					"$(LIBRARY_SEARCH_PATHS_QUOTED_FOR_TARGET_51)",
					"$(LIBRARY_SEARCH_PATHS_QUOTED_FOR_TARGET_52)",
					"$(PROJECT_DIR)/src/CEF/lib",
					"$(PROJECT_DIR)/src/CEF/Release",
				);
				PRODUCT_NAME = "$(TARGET_NAME)Debug";
				WRAPPER_EXTENSION = app;
			};
			name = Debug;
		};
		E4B69B610A3A1757003C02F2 /* Release */ = {
			isa = XCBuildConfiguration;
			buildSettings = {
				COMBINE_HIDPI_IMAGES = YES;
				COPY_PHASE_STRIP = YES;
				FRAMEWORK_SEARCH_PATHS = (
					"$(inherited)",
					"$(FRAMEWORK_SEARCH_PATHS_QUOTED_FOR_TARGET_1)",
					"$(PROJECT_DIR)/src/CEF/lib",
					"$(PROJECT_DIR)/src/CEF/Release",
				);
				FRAMEWORK_SEARCH_PATHS_QUOTED_FOR_TARGET_1 = "\"$(SRCROOT)/../../../libs/glut/lib/osx\"";
				GCC_GENERATE_DEBUGGING_SYMBOLS = YES;
				GCC_MODEL_TUNING = NONE;
				HEADER_SEARCH_PATHS = (
					"$(OF_CORE_HEADERS)",
					"src/cef/**",
				);
				ICON = "$(ICON_NAME_RELEASE)";
				ICON_FILE = "$(ICON_FILE_PATH)$(ICON)";
				INFOPLIST_FILE = "openFrameworks-Info.plist";
				INSTALL_PATH = "$(HOME)/Applications";
				LIBRARY_SEARCH_PATHS = (
					"$(inherited)",
					"$(LIBRARY_SEARCH_PATHS_QUOTED_FOR_TARGET_1)",
					"$(LIBRARY_SEARCH_PATHS_QUOTED_FOR_TARGET_2)",
					"$(LIBRARY_SEARCH_PATHS_QUOTED_FOR_TARGET_3)",
					"$(LIBRARY_SEARCH_PATHS_QUOTED_FOR_TARGET_4)",
					"$(LIBRARY_SEARCH_PATHS_QUOTED_FOR_TARGET_5)",
					"$(LIBRARY_SEARCH_PATHS_QUOTED_FOR_TARGET_6)",
					"$(LIBRARY_SEARCH_PATHS_QUOTED_FOR_TARGET_7)",
					"$(LIBRARY_SEARCH_PATHS_QUOTED_FOR_TARGET_8)",
					"$(LIBRARY_SEARCH_PATHS_QUOTED_FOR_TARGET_9)",
					"$(LIBRARY_SEARCH_PATHS_QUOTED_FOR_TARGET_10)",
					"$(LIBRARY_SEARCH_PATHS_QUOTED_FOR_TARGET_11)",
					"$(LIBRARY_SEARCH_PATHS_QUOTED_FOR_TARGET_12)",
					"$(LIBRARY_SEARCH_PATHS_QUOTED_FOR_TARGET_13)",
					"$(LIBRARY_SEARCH_PATHS_QUOTED_FOR_TARGET_14)",
					"$(LIBRARY_SEARCH_PATHS_QUOTED_FOR_TARGET_15)",
					"$(LIBRARY_SEARCH_PATHS_QUOTED_FOR_TARGET_2)",
					"$(LIBRARY_SEARCH_PATHS_QUOTED_1)",
					"$(LIBRARY_SEARCH_PATHS_QUOTED_FOR_TARGET_3)",
					"$(LIBRARY_SEARCH_PATHS_QUOTED_FOR_TARGET_7)",
					"$(LIBRARY_SEARCH_PATHS_QUOTED_FOR_TARGET_8)",
					"$(LIBRARY_SEARCH_PATHS_QUOTED_FOR_TARGET_9)",
					"$(LIBRARY_SEARCH_PATHS_QUOTED_FOR_TARGET_10)",
					"$(LIBRARY_SEARCH_PATHS_QUOTED_FOR_TARGET_11)",
					"$(LIBRARY_SEARCH_PATHS_QUOTED_FOR_TARGET_12)",
					"$(LIBRARY_SEARCH_PATHS_QUOTED_FOR_TARGET_13)",
					"$(LIBRARY_SEARCH_PATHS_QUOTED_FOR_TARGET_16)",
					"$(LIBRARY_SEARCH_PATHS_QUOTED_FOR_TARGET_17)",
					"$(LIBRARY_SEARCH_PATHS_QUOTED_FOR_TARGET_18)",
					"$(LIBRARY_SEARCH_PATHS_QUOTED_FOR_TARGET_19)",
					"$(LIBRARY_SEARCH_PATHS_QUOTED_FOR_TARGET_20)",
					"$(LIBRARY_SEARCH_PATHS_QUOTED_FOR_TARGET_21)",
					"$(LIBRARY_SEARCH_PATHS_QUOTED_FOR_TARGET_22)",
					"$(LIBRARY_SEARCH_PATHS_QUOTED_FOR_TARGET_23)",
					"$(LIBRARY_SEARCH_PATHS_QUOTED_FOR_TARGET_24)",
					"$(LIBRARY_SEARCH_PATHS_QUOTED_FOR_TARGET_25)",
					"$(LIBRARY_SEARCH_PATHS_QUOTED_FOR_TARGET_26)",
					"$(LIBRARY_SEARCH_PATHS_QUOTED_FOR_TARGET_27)",
					"$(LIBRARY_SEARCH_PATHS_QUOTED_FOR_TARGET_28)",
					"$(LIBRARY_SEARCH_PATHS_QUOTED_FOR_TARGET_29)",
					"$(LIBRARY_SEARCH_PATHS_QUOTED_FOR_TARGET_30)",
					"$(LIBRARY_SEARCH_PATHS_QUOTED_FOR_TARGET_31)",
					"$(LIBRARY_SEARCH_PATHS_QUOTED_FOR_TARGET_32)",
					"$(LIBRARY_SEARCH_PATHS_QUOTED_FOR_TARGET_33)",
					"$(LIBRARY_SEARCH_PATHS_QUOTED_FOR_TARGET_34)",
					"$(LIBRARY_SEARCH_PATHS_QUOTED_FOR_TARGET_35)",
					"$(LIBRARY_SEARCH_PATHS_QUOTED_FOR_TARGET_36)",
					"$(LIBRARY_SEARCH_PATHS_QUOTED_FOR_TARGET_37)",
					"$(LIBRARY_SEARCH_PATHS_QUOTED_FOR_TARGET_38)",
					"$(LIBRARY_SEARCH_PATHS_QUOTED_FOR_TARGET_39)",
					"$(LIBRARY_SEARCH_PATHS_QUOTED_FOR_TARGET_40)",
					"$(LIBRARY_SEARCH_PATHS_QUOTED_FOR_TARGET_41)",
					"$(LIBRARY_SEARCH_PATHS_QUOTED_FOR_TARGET_42)",
					"$(LIBRARY_SEARCH_PATHS_QUOTED_FOR_TARGET_43)",
					"$(LIBRARY_SEARCH_PATHS_QUOTED_FOR_TARGET_44)",
					"$(LIBRARY_SEARCH_PATHS_QUOTED_FOR_TARGET_45)",
					"$(LIBRARY_SEARCH_PATHS_QUOTED_FOR_TARGET_46)",
					"$(LIBRARY_SEARCH_PATHS_QUOTED_FOR_TARGET_47)",
					"$(LIBRARY_SEARCH_PATHS_QUOTED_FOR_TARGET_48)",
					"$(LIBRARY_SEARCH_PATHS_QUOTED_FOR_TARGET_49)",
					"$(LIBRARY_SEARCH_PATHS_QUOTED_FOR_TARGET_50)",
					"$(LIBRARY_SEARCH_PATHS_QUOTED_FOR_TARGET_51)",
					"$(PROJECT_DIR)/src/CEF/lib",
					"$(PROJECT_DIR)/src/CEF/Release",
				);
				PRODUCT_NAME = "$(TARGET_NAME)";
				WRAPPER_EXTENSION = app;
			};
			name = Release;
		};
		FD2BA23A1A56E1840046DB39 /* Debug */ = {
			isa = XCBuildConfiguration;
			buildSettings = {
				ALWAYS_SEARCH_USER_PATHS = YES;
				ASSETCATALOG_COMPILER_APPICON_NAME = AppIcon;
				CLANG_CXX_LANGUAGE_STANDARD = "c++0x";
				CLANG_CXX_LIBRARY = "libstdc++";
				CLANG_ENABLE_MODULES = YES;
				CLANG_ENABLE_OBJC_ARC = YES;
				CLANG_WARN_BOOL_CONVERSION = YES;
				CLANG_WARN_CONSTANT_CONVERSION = YES;
				CLANG_WARN_DIRECT_OBJC_ISA_USAGE = YES_ERROR;
				CLANG_WARN_EMPTY_BODY = YES;
				CLANG_WARN_ENUM_CONVERSION = YES;
				CLANG_WARN_INT_CONVERSION = YES;
				CLANG_WARN_OBJC_ROOT_CLASS = YES_ERROR;
				CLANG_WARN__DUPLICATE_METHOD_MATCH = YES;
				COMBINE_HIDPI_IMAGES = YES;
				FRAMEWORK_SEARCH_PATHS = (
					"$(inherited)",
					"$(PROJECT_DIR)/src/CEF/lib",
				);
				GCC_C_LANGUAGE_STANDARD = gnu99;
				GCC_DYNAMIC_NO_PIC = NO;
				GCC_ENABLE_OBJC_EXCEPTIONS = YES;
				GCC_PRECOMPILE_PREFIX_HEADER = YES;
				GCC_PREFIX_HEADER = "cefHelper/cefHelper-Prefix.pch";
				GCC_PREPROCESSOR_DEFINITIONS = (
					"DEBUG=1",
					"$(inherited)",
				);
				GCC_WARN_64_TO_32_BIT_CONVERSION = YES;
				GCC_WARN_ABOUT_RETURN_TYPE = YES_ERROR;
				GCC_WARN_UNDECLARED_SELECTOR = YES;
				GCC_WARN_UNINITIALIZED_AUTOS = YES_AGGRESSIVE;
				GCC_WARN_UNUSED_FUNCTION = YES;
				GCC_WARN_UNUSED_VARIABLE = YES;
				HEADER_SEARCH_PATHS = (
					"$(OF_CORE_HEADERS)",
					"src/cef/**",
				);
				INFOPLIST_FILE = "cefHelper/cefHelper-Info.plist";
				LIBRARY_SEARCH_PATHS = (
					"$(inherited)",
					"$(PROJECT_DIR)/src/CEF/lib",
				);
				MACOSX_DEPLOYMENT_TARGET = 10.9;
				ONLY_ACTIVE_ARCH = YES;
				PRODUCT_NAME = "$(TARGET_NAME)";
				WRAPPER_EXTENSION = app;
			};
			name = Debug;
		};
		FD2BA23B1A56E1840046DB39 /* Release */ = {
			isa = XCBuildConfiguration;
			buildSettings = {
				ALWAYS_SEARCH_USER_PATHS = YES;
				ASSETCATALOG_COMPILER_APPICON_NAME = AppIcon;
				CLANG_CXX_LANGUAGE_STANDARD = "c++0x";
				CLANG_CXX_LIBRARY = "libstdc++";
				CLANG_ENABLE_MODULES = YES;
				CLANG_ENABLE_OBJC_ARC = YES;
				CLANG_WARN_BOOL_CONVERSION = YES;
				CLANG_WARN_CONSTANT_CONVERSION = YES;
				CLANG_WARN_DIRECT_OBJC_ISA_USAGE = YES_ERROR;
				CLANG_WARN_EMPTY_BODY = YES;
				CLANG_WARN_ENUM_CONVERSION = YES;
				CLANG_WARN_INT_CONVERSION = YES;
				CLANG_WARN_OBJC_ROOT_CLASS = YES_ERROR;
				CLANG_WARN__DUPLICATE_METHOD_MATCH = YES;
				COMBINE_HIDPI_IMAGES = YES;
				DEBUG_INFORMATION_FORMAT = "dwarf-with-dsym";
				ENABLE_NS_ASSERTIONS = NO;
				FRAMEWORK_SEARCH_PATHS = (
					"$(inherited)",
					"$(PROJECT_DIR)/src/CEF/lib",
				);
				GCC_C_LANGUAGE_STANDARD = gnu99;
				GCC_ENABLE_OBJC_EXCEPTIONS = YES;
				GCC_PRECOMPILE_PREFIX_HEADER = YES;
				GCC_PREFIX_HEADER = "cefHelper/cefHelper-Prefix.pch";
				GCC_WARN_64_TO_32_BIT_CONVERSION = YES;
				GCC_WARN_ABOUT_RETURN_TYPE = YES_ERROR;
				GCC_WARN_UNDECLARED_SELECTOR = YES;
				GCC_WARN_UNINITIALIZED_AUTOS = YES_AGGRESSIVE;
				GCC_WARN_UNUSED_FUNCTION = YES;
				GCC_WARN_UNUSED_VARIABLE = YES;
				HEADER_SEARCH_PATHS = (
					"$(OF_CORE_HEADERS)",
					"src/cef/**",
				);
				INFOPLIST_FILE = "cefHelper/cefHelper-Info.plist";
				LIBRARY_SEARCH_PATHS = (
					"$(inherited)",
					"$(PROJECT_DIR)/src/CEF/lib",
				);
				MACOSX_DEPLOYMENT_TARGET = 10.9;
				ONLY_ACTIVE_ARCH = YES;
				PRODUCT_NAME = "$(TARGET_NAME)";
				WRAPPER_EXTENSION = app;
			};
			name = Release;
		};
/* End XCBuildConfiguration section */

/* Begin XCConfigurationList section */
		E4B69B4D0A3A1720003C02F2 /* Build configuration list for PBXProject "cefWork" */ = {
			isa = XCConfigurationList;
			buildConfigurations = (
				E4B69B4E0A3A1720003C02F2 /* Debug */,
				E4B69B4F0A3A1720003C02F2 /* Release */,
			);
			defaultConfigurationIsVisible = 0;
			defaultConfigurationName = Release;
		};
		E4B69B5F0A3A1757003C02F2 /* Build configuration list for PBXNativeTarget "cefWork" */ = {
			isa = XCConfigurationList;
			buildConfigurations = (
				E4B69B600A3A1757003C02F2 /* Debug */,
				E4B69B610A3A1757003C02F2 /* Release */,
			);
			defaultConfigurationIsVisible = 0;
			defaultConfigurationName = Release;
		};
		FD2BA2391A56E1840046DB39 /* Build configuration list for PBXNativeTarget "cefHelper" */ = {
			isa = XCConfigurationList;
			buildConfigurations = (
				FD2BA23A1A56E1840046DB39 /* Debug */,
				FD2BA23B1A56E1840046DB39 /* Release */,
			);
			defaultConfigurationIsVisible = 0;
			defaultConfigurationName = Release;
		};
/* End XCConfigurationList section */
	};
	rootObject = E4B69B4C0A3A1720003C02F2 /* Project object */;
}
